
Microsoft Visual Studio Solution File, Format Version 11.00
# Visual C# Express 2010
Project("{FAE04EC0-301F-11D3-BF4B-00C04F79EFBC}") = "NRaasStoryProgression", "NRaasStoryProgression.csproj", "{4AAAE3A6-D66F-47F9-A55C-68CF03A8E54F}"
EndProject
Global
	GlobalSection(SolutionConfigurationPlatforms) = preSolution
		Debug|Any CPU = Debug|Any CPU
		Debug|x86 = Debug|x86
		Release|Any CPU = Release|Any CPU
		Release|x86 = Release|x86
	EndGlobalSection
	GlobalSection(ProjectConfigurationPlatforms) = postSolution
		{4AAAE3A6-D66F-47F9-A55C-68CF03A8E54F}.Debug|Any CPU.ActiveCfg = Debug|Any CPU
		{4AAAE3A6-D66F-47F9-A55C-68CF03A8E54F}.Debug|Any CPU.Build.0 = Debug|Any CPU
		{4AAAE3A6-D66F-47F9-A55C-68CF03A8E54F}.Debug|x86.ActiveCfg = Debug|x86
		{4AAAE3A6-D66F-47F9-A55C-68CF03A8E54F}.Debug|x86.Build.0 = Debug|x86
		{4AAAE3A6-D66F-47F9-A55C-68CF03A8E54F}.Release|Any CPU.ActiveCfg = Release|x86
		{4AAAE3A6-D66F-47F9-A55C-68CF03A8E54F}.Release|Any CPU.Build.0 = Release|x86
		{4AAAE3A6-D66F-47F9-A55C-68CF03A8E54F}.Release|x86.ActiveCfg = Release|x86
		{4AAAE3A6-D66F-47F9-A55C-68CF03A8E54F}.Release|x86.Build.0 = Release|x86
	EndGlobalSection
	GlobalSection(SolutionProperties) = preSolution
		HideSolutionNode = FALSE
	EndGlobalSection
EndGlobal
