
Microsoft Visual Studio Solution File, Format Version 11.00
# Visual C# Express 2010
Project("{FAE04EC0-301F-11D3-BF4B-00C04F79EFBC}") = "NRaasAntiMagicScroll", "NRaasAntiMagicScroll\NRaasAntiMagicScroll.csproj", "{006859DD-CA68-4573-B981-4930ABDFCA83}"
EndProject
Project("{FAE04EC0-301F-11D3-BF4B-00C04F79EFBC}") = "NRaasCareer", "NRaasCareer\NRaasCareer.csproj", "{05892564-06C9-4668-9CE2-3556B848D9EF}"
EndProject
Project("{FAE04EC0-301F-11D3-BF4B-00C04F79EFBC}") = "NRaasConsigner", "NRaasConsigner\NRaasConsigner.csproj", "{CD491C91-298D-4BA9-8F4A-C572F67E8FF8}"
EndProject
Project("{FAE04EC0-301F-11D3-BF4B-00C04F79EFBC}") = "NRaasDecensor", "NRaasDecensor\NRaasDecensor.csproj", "{50052413-38AC-4AC3-878C-2CB342A30433}"
EndProject
Project("{FAE04EC0-301F-11D3-BF4B-00C04F79EFBC}") = "NRaasDreamer", "NRaasDreamer\NRaasDreamer.csproj", "{F9C3AC49-6296-414C-99C7-5008402BEDCD}"
EndProject
Project("{FAE04EC0-301F-11D3-BF4B-00C04F79EFBC}") = "NRaasMasterControllerTest", "NRaasMasterControllerTest\NRaasMasterControllerTest.csproj", "{1018E32E-E81B-43EF-8CE4-2CC0882DA38B}"
EndProject
Project("{FAE04EC0-301F-11D3-BF4B-00C04F79EFBC}") = "NRaasNoCD", "NRaasNoCD\NRaasNoCD.csproj", "{C04F867A-54CF-4F53-9BB2-0D63D60B3017}"
EndProject
Project("{FAE04EC0-301F-11D3-BF4B-00C04F79EFBC}") = "NRaasOnceRead", "NRaasOnceRead\NRaasOnceRead.csproj", "{8992E31A-3D6A-449E-91FA-ED64BA94C9EA}"
EndProject
Project("{FAE04EC0-301F-11D3-BF4B-00C04F79EFBC}") = "NRaasPortraitPanel", "NRaasPortraitPanel\NRaasPortraitPanel.csproj", "{45C884FC-A1DB-4659-BDBB-687D2D31044E}"
EndProject
Project("{FAE04EC0-301F-11D3-BF4B-00C04F79EFBC}") = "NRaasRegister", "NRaasRegister\NRaasRegister.csproj", "{CF3C347B-2636-4BBF-8C82-CFF505161CE0}"
EndProject
Project("{FAE04EC0-301F-11D3-BF4B-00C04F79EFBC}") = "NRaasRelationshipPanel", "NRaasRelationshipPanel\NRaasRelationshipPanel.csproj", "{0EA34A24-00C2-4AE1-92CB-982A0F358539}"
EndProject
Project("{FAE04EC0-301F-11D3-BF4B-00C04F79EFBC}") = "NRaasRelativity", "NRaasRelativity\NRaasRelativity.csproj", "{440A9C04-9DC4-462C-8D27-2D6F3651F03F}"
EndProject
Project("{FAE04EC0-301F-11D3-BF4B-00C04F79EFBC}") = "NRaasSaver", "NRaasSaver\NRaasSaver.csproj", "{91904D59-DCE1-4172-8E99-DB2C5F851FE4}"
EndProject
Project("{FAE04EC0-301F-11D3-BF4B-00C04F79EFBC}") = "NRaasShooless", "NRaasShooless\NRaasShooless.csproj", "{E1C960CF-8E28-4E23-8437-B04F07DEA51D}"
EndProject
Project("{FAE04EC0-301F-11D3-BF4B-00C04F79EFBC}") = "NRaasSleepFreedom", "NRaasSleepFreedom\NRaasSleepFreedom.csproj", "{4C8251D5-82E6-48FE-ADDF-6B64E00E25E8}"
EndProject
Project("{FAE04EC0-301F-11D3-BF4B-00C04F79EFBC}") = "NRaasStoryProgression", "NRaasStoryProgression\NRaasStoryProgression.csproj", "{4AAAE3A6-D66F-47F9-A55C-68CF03A8E54F}"
EndProject
Project("{FAE04EC0-301F-11D3-BF4B-00C04F79EFBC}") = "NRaasWoohooer", "NRaasWoohooer\NRaasWoohooer.csproj", "{4A218736-F50C-4D1F-A032-33C58624B64C}"
EndProject
Project("{FAE04EC0-301F-11D3-BF4B-00C04F79EFBC}") = "NRaasErrorTrap", "NRaasErrorTrap\NRaasErrorTrap.csproj", "{F8E28CA7-254F-49FA-8379-5975A9518913}"
EndProject
Project("{FAE04EC0-301F-11D3-BF4B-00C04F79EFBC}") = "NRaas", "NRaas\NRaas.csproj", "{43A72B7A-88B4-40E3-9491-41DD1C0DA082}"
EndProject
Project("{FAE04EC0-301F-11D3-BF4B-00C04F79EFBC}") = "NRaasWoohooerKamaSimtra", "NRaasWoohooerKamaSimtra\NRaasWoohooerKamaSimtra.csproj", "{0AD9BF5E-00B6-4914-B644-BF922515EECC}"
EndProject
Project("{FAE04EC0-301F-11D3-BF4B-00C04F79EFBC}") = "NRaasDresser", "NRaasDresser\NRaasDresser.csproj", "{3CCAED97-BBC3-4408-B2FF-4BFEA314CD1B}"
EndProject
Project("{FAE04EC0-301F-11D3-BF4B-00C04F79EFBC}") = "NRaasWrittenWord", "NRaasWrittenWord\NRaasWrittenWord.csproj", "{77E4BC06-F728-412E-852B-1D7FDF2F68EA}"
EndProject
Project("{FAE04EC0-301F-11D3-BF4B-00C04F79EFBC}") = "NRaasGoHere", "NRaasGoHere\NRaasGoHere.csproj", "{231A6590-3D1E-433A-815F-0CAADAC16401}"
EndProject
Project("{FAE04EC0-301F-11D3-BF4B-00C04F79EFBC}") = "NRaasAnimator", "NRaasAnimator\NRaasAnimator.csproj", "{537F0BBE-74FC-455D-B893-5CB58397027A}"
EndProject
Project("{FAE04EC0-301F-11D3-BF4B-00C04F79EFBC}") = "NRaasMasterControllerExpandedTattoo", "NRaasMasterControllerExpandedTattoo\NRaasMasterControllerExpandedTattoo.csproj", "{F83DF668-F220-43D1-9548-557DA0F6A78A}"
EndProject
Project("{FAE04EC0-301F-11D3-BF4B-00C04F79EFBC}") = "NRaasStoryProgressionExtra", "NRaasStoryProgressionExtra\NRaasStoryProgressionExtra.csproj", "{E06E26B0-7872-4320-8215-B171DA3D2AE3}"
EndProject
Project("{FAE04EC0-301F-11D3-BF4B-00C04F79EFBC}") = "NRaasTraffic", "NRaasTraffic\NRaasTraffic.csproj", "{58664B35-8A09-4632-B7B4-08904B66DAF3}"
EndProject
Project("{FAE04EC0-301F-11D3-BF4B-00C04F79EFBC}") = "NRaasSecondImage", "NRaasSecondImage\NRaasSecondImage.csproj", "{BCA9A0A1-7B71-4805-8F8E-9FC870B87797}"
EndProject
Project("{FAE04EC0-301F-11D3-BF4B-00C04F79EFBC}") = "NRaasOverwatchExpanded", "NRaasOverwatchExpanded\NRaasOverwatchExpanded.csproj", "{547C9AAF-E35C-4DD2-A77B-9EEAA9697834}"
EndProject
Project("{FAE04EC0-301F-11D3-BF4B-00C04F79EFBC}") = "NRaasDebugEnabler", "NRaasDebugEnabler\NRaasDebugEnabler.csproj", "{47359928-A693-44C3-A26B-9DDE8847A607}"
EndProject
Project("{FAE04EC0-301F-11D3-BF4B-00C04F79EFBC}") = "NRaasMasterControllerIntegration", "NRaasMasterControllerIntegration\NRaasMasterControllerIntegration.csproj", "{84FDAC62-C39B-4968-A237-D40B0998AD9C}"
EndProject
Project("{FAE04EC0-301F-11D3-BF4B-00C04F79EFBC}") = "NRaasMasterController", "NRaasMasterController\NRaasMasterController.csproj", "{05F375F2-3C0D-4DCC-972A-79BDABA88C47}"
EndProject
Project("{FAE04EC0-301F-11D3-BF4B-00C04F79EFBC}") = "NRaasSelector", "NRaasSelector\NRaasSelector.csproj", "{B7F4BDC7-95AB-46DF-8D7F-106F2AFBE540}"
EndProject
Project("{FAE04EC0-301F-11D3-BF4B-00C04F79EFBC}") = "NRaasMover", "NRaasMover\NRaasMover.csproj", "{ACA82633-E1CF-47A4-8F34-CA0D03445B53}"
EndProject
Project("{FAE04EC0-301F-11D3-BF4B-00C04F79EFBC}") = "NRaasTraveler", "NRaasTraveler\NRaasTraveler.csproj", "{C4EDB204-9EF0-4BF3-8CC4-6EAA94F04B04}"
EndProject
Project("{FAE04EC0-301F-11D3-BF4B-00C04F79EFBC}") = "NRaasBootStrap", "NRaasBootStrap\NRaasBootStrap.csproj", "{1283775B-B211-4632-AE80-5BD678C479C2}"
EndProject
Project("{FAE04EC0-301F-11D3-BF4B-00C04F79EFBC}") = "NRaasPorter", "NRaasPorter\NRaasPorter.csproj", "{D42572A6-BF7D-478A-B940-0BAC34F7E077}"
EndProject
Project("{FAE04EC0-301F-11D3-BF4B-00C04F79EFBC}") = "NRaasHomeOpener", "NRaasHomeOpener\NRaasHomeOpener.csproj", "{43221101-90BF-4A86-ACB7-65908B8E455A}"
EndProject
Project("{FAE04EC0-301F-11D3-BF4B-00C04F79EFBC}") = "NRaasMasterControllerCheats", "NRaasMasterControllerCheats\NRaasMasterControllerCheats.csproj", "{D8C97561-B028-41EA-97A0-AE989524E6ED}"
EndProject
Project("{FAE04EC0-301F-11D3-BF4B-00C04F79EFBC}") = "NRaasMasterControllerProgression", "NRaasMasterControllerProgression\NRaasMasterControllerProgression.csproj", "{B6C0184A-4227-4C29-A364-1DC910EFB88F}"
EndProject
Project("{FAE04EC0-301F-11D3-BF4B-00C04F79EFBC}") = "NRaasOverwatch", "NRaasOverwatch\NRaasOverwatch.csproj", "{216579C3-DC3E-40C4-957C-A2D37D7EC6CD}"
EndProject
Project("{FAE04EC0-301F-11D3-BF4B-00C04F79EFBC}") = "NRaasVector", "NRaasVector\NRaasVector.csproj", "{91B86BB6-4DE3-47AC-82C9-2B3160C27C91}"
EndProject
Project("{FAE04EC0-301F-11D3-BF4B-00C04F79EFBC}") = "NRaasShoolessUberToilet", "NRaasShoolessUberToilet\NRaasShoolessUberToilet.csproj", "{D377035D-19A0-4980-AE9B-6B0D35E4A7AB}"
EndProject
Project("{FAE04EC0-301F-11D3-BF4B-00C04F79EFBC}") = "NRaasShoolessRoutineMachine", "NRaasShoolessRoutineMachine\NRaasShoolessRoutineMachine.csproj", "{697F41A9-4D6F-40E4-8441-BC28C4130C5C}"
EndProject
Project("{FAE04EC0-301F-11D3-BF4B-00C04F79EFBC}") = "NRaasWoohooerSauna", "NRaasWoohooerSauna\NRaasWoohooerSauna.csproj", "{0448F1DA-062F-4540-AA26-1F91967B02D0}"
EndProject
Project("{FAE04EC0-301F-11D3-BF4B-00C04F79EFBC}") = "NRaasOnceReadTablet", "NRaasOnceReadTablet\NRaasOnceReadTablet.csproj", "{0C06F450-BB3F-4701-A820-34F59D15BA24}"
EndProject
Project("{FAE04EC0-301F-11D3-BF4B-00C04F79EFBC}") = "NRaasPocketProtectorTablet", "NRaasPocketProtectorTablet\NRaasPocketProtectorTablet.csproj", "{D50774DA-EE0A-41C3-881E-599BC30B86EF}"
EndProject
Project("{FAE04EC0-301F-11D3-BF4B-00C04F79EFBC}") = "NRaasHybrid", "NRaasHybrid\NRaasHybrid.csproj", "{F5C1198A-FB20-4943-AC2C-0F12FA591BC2}"
EndProject
Project("{FAE04EC0-301F-11D3-BF4B-00C04F79EFBC}") = "NRaasWoohooerShowerOutdoor", "NRaasWoohooerShowerOutdoor\NRaasWoohooerShowerOutdoor.csproj", "{974E90C8-935D-43DD-A840-EE036C1C3A80}"
EndProject
Project("{FAE04EC0-301F-11D3-BF4B-00C04F79EFBC}") = "NRaasTempest", "NRaasTempest\NRaasTempest.csproj", "{942C6EA6-7BE6-49CC-A634-E5E8E37B48D7}"
EndProject
Project("{FAE04EC0-301F-11D3-BF4B-00C04F79EFBC}") = "NRaasRetuner", "NRaasRetuner\NRaasRetuner.csproj", "{7FE7ED76-4C78-4C5E-B899-CD9486C6A099}"
EndProject
Project("{FAE04EC0-301F-11D3-BF4B-00C04F79EFBC}") = "NRaasStoryProgressionCareer", "NRaasStoryProgressionCareer\NRaasStoryProgressionCareer.csproj", "{B180AA5D-C6D0-4ACE-A3A4-63CC85F9BF31}"
EndProject
Project("{FAE04EC0-301F-11D3-BF4B-00C04F79EFBC}") = "NRaasStoryProgressionMoney", "NRaasStoryProgressionMoney\NRaasStoryProgressionMoney.csproj", "{335AFC43-5DD3-407C-BFF7-984A5D1AD67F}"
EndProject
Project("{FAE04EC0-301F-11D3-BF4B-00C04F79EFBC}") = "NRaasStoryProgressionPopulation", "NRaasStoryProgressionPopulation\NRaasStoryProgressionPopulation.csproj", "{DABE5F31-58B2-495F-A6FD-750A17F103CC}"
EndProject
Project("{FAE04EC0-301F-11D3-BF4B-00C04F79EFBC}") = "NRaasStoryProgressionRelationship", "NRaasStoryProgressionRelationship\NRaasStoryProgressionRelationship.csproj", "{C540FC60-61E0-43B2-8B5F-EAEE111B79C7}"
EndProject
Project("{FAE04EC0-301F-11D3-BF4B-00C04F79EFBC}") = "NRaasStoryProgressionSkill", "NRaasStoryProgressionSkill\NRaasStoryProgressionSkill.csproj", "{C9CF2C50-0F37-42A6-A320-9A690046DD83}"
EndProject
Project("{FAE04EC0-301F-11D3-BF4B-00C04F79EFBC}") = "NRaasStoryProgressionTemplate", "NRaasStoryProgressionTemplate\NRaasStoryProgressionTemplate.csproj", "{AAA159E1-E818-41CC-9101-7EB7A1B340D3}"
EndProject
Project("{FAE04EC0-301F-11D3-BF4B-00C04F79EFBC}") = "NRaasPocketProtectorPotionCase", "NRaasPocketProtectorPotionCase\NRaasPocketProtectorPotionCase.csproj", "{8265E5AD-9E6E-4489-82F6-B2C134E3D9EA}"
EndProject
Project("{FAE04EC0-301F-11D3-BF4B-00C04F79EFBC}") = "NRaasWoohooerHotAirBalloon", "NRaasWoohooerHotAirBalloon\NRaasWoohooerHotAirBalloon.csproj", "{4B8F3689-729D-4C1A-B222-617DB41F8B51}"
EndProject
Project("{FAE04EC0-301F-11D3-BF4B-00C04F79EFBC}") = "NRaasWoohooerMassageTable", "NRaasWoohooerMassageTable\NRaasWoohooerMassageTable.csproj", "{75AE2AE4-397C-4FF3-AA3C-896C5984A991}"
EndProject
Global
	GlobalSection(SolutionConfigurationPlatforms) = preSolution
		Debug|Any CPU = Debug|Any CPU
		Debug|Mixed Platforms = Debug|Mixed Platforms
		Debug|x86 = Debug|x86
		Release|Any CPU = Release|Any CPU
		Release|Mixed Platforms = Release|Mixed Platforms
		Release|x86 = Release|x86
	EndGlobalSection
	GlobalSection(ProjectConfigurationPlatforms) = postSolution
		{006859DD-CA68-4573-B981-4930ABDFCA83}.Debug|Any CPU.ActiveCfg = Debug|Any CPU
		{006859DD-CA68-4573-B981-4930ABDFCA83}.Debug|Any CPU.Build.0 = Debug|Any CPU
		{006859DD-CA68-4573-B981-4930ABDFCA83}.Debug|Mixed Platforms.ActiveCfg = Debug|Any CPU
		{006859DD-CA68-4573-B981-4930ABDFCA83}.Debug|Mixed Platforms.Build.0 = Debug|Any CPU
		{006859DD-CA68-4573-B981-4930ABDFCA83}.Debug|x86.ActiveCfg = Debug|x86
		{006859DD-CA68-4573-B981-4930ABDFCA83}.Release|Any CPU.ActiveCfg = Release|Any CPU
		{006859DD-CA68-4573-B981-4930ABDFCA83}.Release|Any CPU.Build.0 = Release|Any CPU
		{006859DD-CA68-4573-B981-4930ABDFCA83}.Release|Mixed Platforms.ActiveCfg = Release|Any CPU
		{006859DD-CA68-4573-B981-4930ABDFCA83}.Release|Mixed Platforms.Build.0 = Release|Any CPU
		{006859DD-CA68-4573-B981-4930ABDFCA83}.Release|x86.ActiveCfg = Release|x86
		{05892564-06C9-4668-9CE2-3556B848D9EF}.Debug|Any CPU.ActiveCfg = Debug|Any CPU
		{05892564-06C9-4668-9CE2-3556B848D9EF}.Debug|Any CPU.Build.0 = Debug|Any CPU
		{05892564-06C9-4668-9CE2-3556B848D9EF}.Debug|Mixed Platforms.ActiveCfg = Debug|Any CPU
		{05892564-06C9-4668-9CE2-3556B848D9EF}.Debug|Mixed Platforms.Build.0 = Debug|Any CPU
		{05892564-06C9-4668-9CE2-3556B848D9EF}.Debug|x86.ActiveCfg = Debug|x86
		{05892564-06C9-4668-9CE2-3556B848D9EF}.Release|Any CPU.ActiveCfg = Release|Any CPU
		{05892564-06C9-4668-9CE2-3556B848D9EF}.Release|Any CPU.Build.0 = Release|Any CPU
		{05892564-06C9-4668-9CE2-3556B848D9EF}.Release|Mixed Platforms.ActiveCfg = Release|Any CPU
		{05892564-06C9-4668-9CE2-3556B848D9EF}.Release|Mixed Platforms.Build.0 = Release|Any CPU
		{05892564-06C9-4668-9CE2-3556B848D9EF}.Release|x86.ActiveCfg = Release|x86
		{CD491C91-298D-4BA9-8F4A-C572F67E8FF8}.Debug|Any CPU.ActiveCfg = Debug|Any CPU
		{CD491C91-298D-4BA9-8F4A-C572F67E8FF8}.Debug|Any CPU.Build.0 = Debug|Any CPU
		{CD491C91-298D-4BA9-8F4A-C572F67E8FF8}.Debug|Mixed Platforms.ActiveCfg = Debug|Any CPU
		{CD491C91-298D-4BA9-8F4A-C572F67E8FF8}.Debug|Mixed Platforms.Build.0 = Debug|Any CPU
		{CD491C91-298D-4BA9-8F4A-C572F67E8FF8}.Debug|x86.ActiveCfg = Debug|x86
		{CD491C91-298D-4BA9-8F4A-C572F67E8FF8}.Release|Any CPU.ActiveCfg = Release|Any CPU
		{CD491C91-298D-4BA9-8F4A-C572F67E8FF8}.Release|Any CPU.Build.0 = Release|Any CPU
		{CD491C91-298D-4BA9-8F4A-C572F67E8FF8}.Release|Mixed Platforms.ActiveCfg = Release|Any CPU
		{CD491C91-298D-4BA9-8F4A-C572F67E8FF8}.Release|Mixed Platforms.Build.0 = Release|Any CPU
		{CD491C91-298D-4BA9-8F4A-C572F67E8FF8}.Release|x86.ActiveCfg = Release|x86
		{50052413-38AC-4AC3-878C-2CB342A30433}.Debug|Any CPU.ActiveCfg = Debug|Any CPU
		{50052413-38AC-4AC3-878C-2CB342A30433}.Debug|Any CPU.Build.0 = Debug|Any CPU
		{50052413-38AC-4AC3-878C-2CB342A30433}.Debug|Mixed Platforms.ActiveCfg = Debug|Any CPU
		{50052413-38AC-4AC3-878C-2CB342A30433}.Debug|Mixed Platforms.Build.0 = Debug|Any CPU
		{50052413-38AC-4AC3-878C-2CB342A30433}.Debug|x86.ActiveCfg = Debug|x86
		{50052413-38AC-4AC3-878C-2CB342A30433}.Release|Any CPU.ActiveCfg = Release|Any CPU
		{50052413-38AC-4AC3-878C-2CB342A30433}.Release|Any CPU.Build.0 = Release|Any CPU
		{50052413-38AC-4AC3-878C-2CB342A30433}.Release|Mixed Platforms.ActiveCfg = Release|Any CPU
		{50052413-38AC-4AC3-878C-2CB342A30433}.Release|Mixed Platforms.Build.0 = Release|Any CPU
		{50052413-38AC-4AC3-878C-2CB342A30433}.Release|x86.ActiveCfg = Release|x86
		{F9C3AC49-6296-414C-99C7-5008402BEDCD}.Debug|Any CPU.ActiveCfg = Debug|Any CPU
		{F9C3AC49-6296-414C-99C7-5008402BEDCD}.Debug|Any CPU.Build.0 = Debug|Any CPU
		{F9C3AC49-6296-414C-99C7-5008402BEDCD}.Debug|Mixed Platforms.ActiveCfg = Debug|Any CPU
		{F9C3AC49-6296-414C-99C7-5008402BEDCD}.Debug|Mixed Platforms.Build.0 = Debug|Any CPU
		{F9C3AC49-6296-414C-99C7-5008402BEDCD}.Debug|x86.ActiveCfg = Debug|x86
		{F9C3AC49-6296-414C-99C7-5008402BEDCD}.Release|Any CPU.ActiveCfg = Release|Any CPU
		{F9C3AC49-6296-414C-99C7-5008402BEDCD}.Release|Any CPU.Build.0 = Release|Any CPU
		{F9C3AC49-6296-414C-99C7-5008402BEDCD}.Release|Mixed Platforms.ActiveCfg = Release|Any CPU
		{F9C3AC49-6296-414C-99C7-5008402BEDCD}.Release|Mixed Platforms.Build.0 = Release|Any CPU
		{F9C3AC49-6296-414C-99C7-5008402BEDCD}.Release|x86.ActiveCfg = Release|x86
		{1018E32E-E81B-43EF-8CE4-2CC0882DA38B}.Debug|Any CPU.ActiveCfg = Debug|Any CPU
		{1018E32E-E81B-43EF-8CE4-2CC0882DA38B}.Debug|Any CPU.Build.0 = Debug|Any CPU
		{1018E32E-E81B-43EF-8CE4-2CC0882DA38B}.Debug|Mixed Platforms.ActiveCfg = Debug|Any CPU
		{1018E32E-E81B-43EF-8CE4-2CC0882DA38B}.Debug|Mixed Platforms.Build.0 = Debug|Any CPU
		{1018E32E-E81B-43EF-8CE4-2CC0882DA38B}.Debug|x86.ActiveCfg = Debug|x86
		{1018E32E-E81B-43EF-8CE4-2CC0882DA38B}.Release|Any CPU.ActiveCfg = Release|Any CPU
		{1018E32E-E81B-43EF-8CE4-2CC0882DA38B}.Release|Any CPU.Build.0 = Release|Any CPU
		{1018E32E-E81B-43EF-8CE4-2CC0882DA38B}.Release|Mixed Platforms.ActiveCfg = Release|Any CPU
		{1018E32E-E81B-43EF-8CE4-2CC0882DA38B}.Release|Mixed Platforms.Build.0 = Release|Any CPU
		{1018E32E-E81B-43EF-8CE4-2CC0882DA38B}.Release|x86.ActiveCfg = Release|x86
		{C04F867A-54CF-4F53-9BB2-0D63D60B3017}.Debug|Any CPU.ActiveCfg = Debug|Any CPU
		{C04F867A-54CF-4F53-9BB2-0D63D60B3017}.Debug|Any CPU.Build.0 = Debug|Any CPU
		{C04F867A-54CF-4F53-9BB2-0D63D60B3017}.Debug|Mixed Platforms.ActiveCfg = Debug|Any CPU
		{C04F867A-54CF-4F53-9BB2-0D63D60B3017}.Debug|Mixed Platforms.Build.0 = Debug|Any CPU
		{C04F867A-54CF-4F53-9BB2-0D63D60B3017}.Debug|x86.ActiveCfg = Debug|x86
		{C04F867A-54CF-4F53-9BB2-0D63D60B3017}.Release|Any CPU.ActiveCfg = Release|Any CPU
		{C04F867A-54CF-4F53-9BB2-0D63D60B3017}.Release|Any CPU.Build.0 = Release|Any CPU
		{C04F867A-54CF-4F53-9BB2-0D63D60B3017}.Release|Mixed Platforms.ActiveCfg = Release|Any CPU
		{C04F867A-54CF-4F53-9BB2-0D63D60B3017}.Release|Mixed Platforms.Build.0 = Release|Any CPU
		{C04F867A-54CF-4F53-9BB2-0D63D60B3017}.Release|x86.ActiveCfg = Release|x86
		{8992E31A-3D6A-449E-91FA-ED64BA94C9EA}.Debug|Any CPU.ActiveCfg = Debug|Any CPU
		{8992E31A-3D6A-449E-91FA-ED64BA94C9EA}.Debug|Any CPU.Build.0 = Debug|Any CPU
		{8992E31A-3D6A-449E-91FA-ED64BA94C9EA}.Debug|Mixed Platforms.ActiveCfg = Debug|Any CPU
		{8992E31A-3D6A-449E-91FA-ED64BA94C9EA}.Debug|Mixed Platforms.Build.0 = Debug|Any CPU
		{8992E31A-3D6A-449E-91FA-ED64BA94C9EA}.Debug|x86.ActiveCfg = Debug|x86
		{8992E31A-3D6A-449E-91FA-ED64BA94C9EA}.Release|Any CPU.ActiveCfg = Release|Any CPU
		{8992E31A-3D6A-449E-91FA-ED64BA94C9EA}.Release|Any CPU.Build.0 = Release|Any CPU
		{8992E31A-3D6A-449E-91FA-ED64BA94C9EA}.Release|Mixed Platforms.ActiveCfg = Release|Any CPU
		{8992E31A-3D6A-449E-91FA-ED64BA94C9EA}.Release|Mixed Platforms.Build.0 = Release|Any CPU
		{8992E31A-3D6A-449E-91FA-ED64BA94C9EA}.Release|x86.ActiveCfg = Release|x86
		{45C884FC-A1DB-4659-BDBB-687D2D31044E}.Debug|Any CPU.ActiveCfg = Debug|Any CPU
		{45C884FC-A1DB-4659-BDBB-687D2D31044E}.Debug|Any CPU.Build.0 = Debug|Any CPU
		{45C884FC-A1DB-4659-BDBB-687D2D31044E}.Debug|Mixed Platforms.ActiveCfg = Debug|Any CPU
		{45C884FC-A1DB-4659-BDBB-687D2D31044E}.Debug|Mixed Platforms.Build.0 = Debug|Any CPU
		{45C884FC-A1DB-4659-BDBB-687D2D31044E}.Debug|x86.ActiveCfg = Debug|x86
		{45C884FC-A1DB-4659-BDBB-687D2D31044E}.Release|Any CPU.ActiveCfg = Release|Any CPU
		{45C884FC-A1DB-4659-BDBB-687D2D31044E}.Release|Any CPU.Build.0 = Release|Any CPU
		{45C884FC-A1DB-4659-BDBB-687D2D31044E}.Release|Mixed Platforms.ActiveCfg = Release|Any CPU
		{45C884FC-A1DB-4659-BDBB-687D2D31044E}.Release|Mixed Platforms.Build.0 = Release|Any CPU
		{45C884FC-A1DB-4659-BDBB-687D2D31044E}.Release|x86.ActiveCfg = Release|x86
		{CF3C347B-2636-4BBF-8C82-CFF505161CE0}.Debug|Any CPU.ActiveCfg = Debug|Any CPU
		{CF3C347B-2636-4BBF-8C82-CFF505161CE0}.Debug|Any CPU.Build.0 = Debug|Any CPU
		{CF3C347B-2636-4BBF-8C82-CFF505161CE0}.Debug|Mixed Platforms.ActiveCfg = Debug|Any CPU
		{CF3C347B-2636-4BBF-8C82-CFF505161CE0}.Debug|Mixed Platforms.Build.0 = Debug|Any CPU
		{CF3C347B-2636-4BBF-8C82-CFF505161CE0}.Debug|x86.ActiveCfg = Debug|x86
		{CF3C347B-2636-4BBF-8C82-CFF505161CE0}.Release|Any CPU.ActiveCfg = Release|Any CPU
		{CF3C347B-2636-4BBF-8C82-CFF505161CE0}.Release|Any CPU.Build.0 = Release|Any CPU
		{CF3C347B-2636-4BBF-8C82-CFF505161CE0}.Release|Mixed Platforms.ActiveCfg = Release|Any CPU
		{CF3C347B-2636-4BBF-8C82-CFF505161CE0}.Release|Mixed Platforms.Build.0 = Release|Any CPU
		{CF3C347B-2636-4BBF-8C82-CFF505161CE0}.Release|x86.ActiveCfg = Release|x86
		{0EA34A24-00C2-4AE1-92CB-982A0F358539}.Debug|Any CPU.ActiveCfg = Debug|Any CPU
		{0EA34A24-00C2-4AE1-92CB-982A0F358539}.Debug|Any CPU.Build.0 = Debug|Any CPU
		{0EA34A24-00C2-4AE1-92CB-982A0F358539}.Debug|Mixed Platforms.ActiveCfg = Debug|Any CPU
		{0EA34A24-00C2-4AE1-92CB-982A0F358539}.Debug|Mixed Platforms.Build.0 = Debug|Any CPU
		{0EA34A24-00C2-4AE1-92CB-982A0F358539}.Debug|x86.ActiveCfg = Debug|x86
		{0EA34A24-00C2-4AE1-92CB-982A0F358539}.Release|Any CPU.ActiveCfg = Release|Any CPU
		{0EA34A24-00C2-4AE1-92CB-982A0F358539}.Release|Any CPU.Build.0 = Release|Any CPU
		{0EA34A24-00C2-4AE1-92CB-982A0F358539}.Release|Mixed Platforms.ActiveCfg = Release|Any CPU
		{0EA34A24-00C2-4AE1-92CB-982A0F358539}.Release|Mixed Platforms.Build.0 = Release|Any CPU
		{0EA34A24-00C2-4AE1-92CB-982A0F358539}.Release|x86.ActiveCfg = Release|x86
		{440A9C04-9DC4-462C-8D27-2D6F3651F03F}.Debug|Any CPU.ActiveCfg = Debug|Any CPU
		{440A9C04-9DC4-462C-8D27-2D6F3651F03F}.Debug|Any CPU.Build.0 = Debug|Any CPU
		{440A9C04-9DC4-462C-8D27-2D6F3651F03F}.Debug|Mixed Platforms.ActiveCfg = Debug|Any CPU
		{440A9C04-9DC4-462C-8D27-2D6F3651F03F}.Debug|Mixed Platforms.Build.0 = Debug|Any CPU
		{440A9C04-9DC4-462C-8D27-2D6F3651F03F}.Debug|x86.ActiveCfg = Debug|x86
		{440A9C04-9DC4-462C-8D27-2D6F3651F03F}.Release|Any CPU.ActiveCfg = Release|Any CPU
		{440A9C04-9DC4-462C-8D27-2D6F3651F03F}.Release|Any CPU.Build.0 = Release|Any CPU
		{440A9C04-9DC4-462C-8D27-2D6F3651F03F}.Release|Mixed Platforms.ActiveCfg = Release|Any CPU
		{440A9C04-9DC4-462C-8D27-2D6F3651F03F}.Release|Mixed Platforms.Build.0 = Release|Any CPU
		{440A9C04-9DC4-462C-8D27-2D6F3651F03F}.Release|x86.ActiveCfg = Release|x86
		{91904D59-DCE1-4172-8E99-DB2C5F851FE4}.Debug|Any CPU.ActiveCfg = Debug|Any CPU
		{91904D59-DCE1-4172-8E99-DB2C5F851FE4}.Debug|Any CPU.Build.0 = Debug|Any CPU
		{91904D59-DCE1-4172-8E99-DB2C5F851FE4}.Debug|Mixed Platforms.ActiveCfg = Debug|Any CPU
		{91904D59-DCE1-4172-8E99-DB2C5F851FE4}.Debug|Mixed Platforms.Build.0 = Debug|Any CPU
		{91904D59-DCE1-4172-8E99-DB2C5F851FE4}.Debug|x86.ActiveCfg = Debug|x86
		{91904D59-DCE1-4172-8E99-DB2C5F851FE4}.Release|Any CPU.ActiveCfg = Release|Any CPU
		{91904D59-DCE1-4172-8E99-DB2C5F851FE4}.Release|Any CPU.Build.0 = Release|Any CPU
		{91904D59-DCE1-4172-8E99-DB2C5F851FE4}.Release|Mixed Platforms.ActiveCfg = Release|Any CPU
		{91904D59-DCE1-4172-8E99-DB2C5F851FE4}.Release|Mixed Platforms.Build.0 = Release|Any CPU
		{91904D59-DCE1-4172-8E99-DB2C5F851FE4}.Release|x86.ActiveCfg = Release|x86
		{E1C960CF-8E28-4E23-8437-B04F07DEA51D}.Debug|Any CPU.ActiveCfg = Debug|Any CPU
		{E1C960CF-8E28-4E23-8437-B04F07DEA51D}.Debug|Any CPU.Build.0 = Debug|Any CPU
		{E1C960CF-8E28-4E23-8437-B04F07DEA51D}.Debug|Mixed Platforms.ActiveCfg = Debug|Any CPU
		{E1C960CF-8E28-4E23-8437-B04F07DEA51D}.Debug|Mixed Platforms.Build.0 = Debug|Any CPU
		{E1C960CF-8E28-4E23-8437-B04F07DEA51D}.Debug|x86.ActiveCfg = Debug|x86
		{E1C960CF-8E28-4E23-8437-B04F07DEA51D}.Release|Any CPU.ActiveCfg = Release|Any CPU
		{E1C960CF-8E28-4E23-8437-B04F07DEA51D}.Release|Any CPU.Build.0 = Release|Any CPU
		{E1C960CF-8E28-4E23-8437-B04F07DEA51D}.Release|Mixed Platforms.ActiveCfg = Release|Any CPU
		{E1C960CF-8E28-4E23-8437-B04F07DEA51D}.Release|Mixed Platforms.Build.0 = Release|Any CPU
		{E1C960CF-8E28-4E23-8437-B04F07DEA51D}.Release|x86.ActiveCfg = Release|x86
		{4C8251D5-82E6-48FE-ADDF-6B64E00E25E8}.Debug|Any CPU.ActiveCfg = Debug|Any CPU
		{4C8251D5-82E6-48FE-ADDF-6B64E00E25E8}.Debug|Any CPU.Build.0 = Debug|Any CPU
		{4C8251D5-82E6-48FE-ADDF-6B64E00E25E8}.Debug|Mixed Platforms.ActiveCfg = Debug|Any CPU
		{4C8251D5-82E6-48FE-ADDF-6B64E00E25E8}.Debug|Mixed Platforms.Build.0 = Debug|Any CPU
		{4C8251D5-82E6-48FE-ADDF-6B64E00E25E8}.Debug|x86.ActiveCfg = Debug|x86
		{4C8251D5-82E6-48FE-ADDF-6B64E00E25E8}.Release|Any CPU.ActiveCfg = Release|Any CPU
		{4C8251D5-82E6-48FE-ADDF-6B64E00E25E8}.Release|Any CPU.Build.0 = Release|Any CPU
		{4C8251D5-82E6-48FE-ADDF-6B64E00E25E8}.Release|Mixed Platforms.ActiveCfg = Release|Any CPU
		{4C8251D5-82E6-48FE-ADDF-6B64E00E25E8}.Release|Mixed Platforms.Build.0 = Release|Any CPU
		{4C8251D5-82E6-48FE-ADDF-6B64E00E25E8}.Release|x86.ActiveCfg = Release|x86
		{4AAAE3A6-D66F-47F9-A55C-68CF03A8E54F}.Debug|Any CPU.ActiveCfg = Debug|Any CPU
		{4AAAE3A6-D66F-47F9-A55C-68CF03A8E54F}.Debug|Any CPU.Build.0 = Debug|Any CPU
		{4AAAE3A6-D66F-47F9-A55C-68CF03A8E54F}.Debug|Mixed Platforms.ActiveCfg = Debug|Any CPU
		{4AAAE3A6-D66F-47F9-A55C-68CF03A8E54F}.Debug|Mixed Platforms.Build.0 = Debug|Any CPU
		{4AAAE3A6-D66F-47F9-A55C-68CF03A8E54F}.Debug|x86.ActiveCfg = Debug|x86
		{4AAAE3A6-D66F-47F9-A55C-68CF03A8E54F}.Release|Any CPU.ActiveCfg = Release|Any CPU
		{4AAAE3A6-D66F-47F9-A55C-68CF03A8E54F}.Release|Any CPU.Build.0 = Release|Any CPU
		{4AAAE3A6-D66F-47F9-A55C-68CF03A8E54F}.Release|Mixed Platforms.ActiveCfg = Release|Any CPU
		{4AAAE3A6-D66F-47F9-A55C-68CF03A8E54F}.Release|Mixed Platforms.Build.0 = Release|Any CPU
		{4AAAE3A6-D66F-47F9-A55C-68CF03A8E54F}.Release|x86.ActiveCfg = Release|x86
		{4A218736-F50C-4D1F-A032-33C58624B64C}.Debug|Any CPU.ActiveCfg = Debug|Any CPU
		{4A218736-F50C-4D1F-A032-33C58624B64C}.Debug|Any CPU.Build.0 = Debug|Any CPU
		{4A218736-F50C-4D1F-A032-33C58624B64C}.Debug|Mixed Platforms.ActiveCfg = Debug|Any CPU
		{4A218736-F50C-4D1F-A032-33C58624B64C}.Debug|Mixed Platforms.Build.0 = Debug|Any CPU
		{4A218736-F50C-4D1F-A032-33C58624B64C}.Debug|x86.ActiveCfg = Debug|x86
		{4A218736-F50C-4D1F-A032-33C58624B64C}.Release|Any CPU.ActiveCfg = Release|Any CPU
		{4A218736-F50C-4D1F-A032-33C58624B64C}.Release|Any CPU.Build.0 = Release|Any CPU
		{4A218736-F50C-4D1F-A032-33C58624B64C}.Release|Mixed Platforms.ActiveCfg = Release|Any CPU
		{4A218736-F50C-4D1F-A032-33C58624B64C}.Release|Mixed Platforms.Build.0 = Release|Any CPU
		{4A218736-F50C-4D1F-A032-33C58624B64C}.Release|x86.ActiveCfg = Release|x86
		{F8E28CA7-254F-49FA-8379-5975A9518913}.Debug|Any CPU.ActiveCfg = Debug|Any CPU
		{F8E28CA7-254F-49FA-8379-5975A9518913}.Debug|Any CPU.Build.0 = Debug|Any CPU
		{F8E28CA7-254F-49FA-8379-5975A9518913}.Debug|Mixed Platforms.ActiveCfg = Debug|Any CPU
		{F8E28CA7-254F-49FA-8379-5975A9518913}.Debug|Mixed Platforms.Build.0 = Debug|Any CPU
		{F8E28CA7-254F-49FA-8379-5975A9518913}.Debug|x86.ActiveCfg = Debug|x86
		{F8E28CA7-254F-49FA-8379-5975A9518913}.Release|Any CPU.ActiveCfg = Release|Any CPU
		{F8E28CA7-254F-49FA-8379-5975A9518913}.Release|Any CPU.Build.0 = Release|Any CPU
		{F8E28CA7-254F-49FA-8379-5975A9518913}.Release|Mixed Platforms.ActiveCfg = Release|Any CPU
		{F8E28CA7-254F-49FA-8379-5975A9518913}.Release|Mixed Platforms.Build.0 = Release|Any CPU
		{F8E28CA7-254F-49FA-8379-5975A9518913}.Release|x86.ActiveCfg = Release|x86
		{43A72B7A-88B4-40E3-9491-41DD1C0DA082}.Debug|Any CPU.ActiveCfg = Debug|x86
		{43A72B7A-88B4-40E3-9491-41DD1C0DA082}.Debug|Mixed Platforms.ActiveCfg = Debug|x86
		{43A72B7A-88B4-40E3-9491-41DD1C0DA082}.Debug|Mixed Platforms.Build.0 = Debug|x86
		{43A72B7A-88B4-40E3-9491-41DD1C0DA082}.Debug|x86.ActiveCfg = Debug|x86
		{43A72B7A-88B4-40E3-9491-41DD1C0DA082}.Debug|x86.Build.0 = Debug|x86
		{43A72B7A-88B4-40E3-9491-41DD1C0DA082}.Release|Any CPU.ActiveCfg = Release|x86
		{43A72B7A-88B4-40E3-9491-41DD1C0DA082}.Release|Mixed Platforms.ActiveCfg = Release|x86
		{43A72B7A-88B4-40E3-9491-41DD1C0DA082}.Release|Mixed Platforms.Build.0 = Release|x86
		{43A72B7A-88B4-40E3-9491-41DD1C0DA082}.Release|x86.ActiveCfg = Release|x86
		{43A72B7A-88B4-40E3-9491-41DD1C0DA082}.Release|x86.Build.0 = Release|x86
		{0AD9BF5E-00B6-4914-B644-BF922515EECC}.Debug|Any CPU.ActiveCfg = Debug|Any CPU
		{0AD9BF5E-00B6-4914-B644-BF922515EECC}.Debug|Any CPU.Build.0 = Debug|Any CPU
		{0AD9BF5E-00B6-4914-B644-BF922515EECC}.Debug|Mixed Platforms.ActiveCfg = Debug|Any CPU
		{0AD9BF5E-00B6-4914-B644-BF922515EECC}.Debug|Mixed Platforms.Build.0 = Debug|Any CPU
		{0AD9BF5E-00B6-4914-B644-BF922515EECC}.Debug|x86.ActiveCfg = Debug|x86
		{0AD9BF5E-00B6-4914-B644-BF922515EECC}.Release|Any CPU.ActiveCfg = Release|Any CPU
		{0AD9BF5E-00B6-4914-B644-BF922515EECC}.Release|Any CPU.Build.0 = Release|Any CPU
		{0AD9BF5E-00B6-4914-B644-BF922515EECC}.Release|Mixed Platforms.ActiveCfg = Release|Any CPU
		{0AD9BF5E-00B6-4914-B644-BF922515EECC}.Release|Mixed Platforms.Build.0 = Release|Any CPU
		{0AD9BF5E-00B6-4914-B644-BF922515EECC}.Release|x86.ActiveCfg = Release|x86
		{3CCAED97-BBC3-4408-B2FF-4BFEA314CD1B}.Debug|Any CPU.ActiveCfg = Debug|Any CPU
		{3CCAED97-BBC3-4408-B2FF-4BFEA314CD1B}.Debug|Any CPU.Build.0 = Debug|Any CPU
		{3CCAED97-BBC3-4408-B2FF-4BFEA314CD1B}.Debug|Mixed Platforms.ActiveCfg = Debug|Any CPU
		{3CCAED97-BBC3-4408-B2FF-4BFEA314CD1B}.Debug|Mixed Platforms.Build.0 = Debug|Any CPU
		{3CCAED97-BBC3-4408-B2FF-4BFEA314CD1B}.Debug|x86.ActiveCfg = Debug|x86
		{3CCAED97-BBC3-4408-B2FF-4BFEA314CD1B}.Release|Any CPU.ActiveCfg = Release|Any CPU
		{3CCAED97-BBC3-4408-B2FF-4BFEA314CD1B}.Release|Any CPU.Build.0 = Release|Any CPU
		{3CCAED97-BBC3-4408-B2FF-4BFEA314CD1B}.Release|Mixed Platforms.ActiveCfg = Release|Any CPU
		{3CCAED97-BBC3-4408-B2FF-4BFEA314CD1B}.Release|Mixed Platforms.Build.0 = Release|Any CPU
		{3CCAED97-BBC3-4408-B2FF-4BFEA314CD1B}.Release|x86.ActiveCfg = Release|x86
		{77E4BC06-F728-412E-852B-1D7FDF2F68EA}.Debug|Any CPU.ActiveCfg = Debug|Any CPU
		{77E4BC06-F728-412E-852B-1D7FDF2F68EA}.Debug|Any CPU.Build.0 = Debug|Any CPU
		{77E4BC06-F728-412E-852B-1D7FDF2F68EA}.Debug|Mixed Platforms.ActiveCfg = Debug|Any CPU
		{77E4BC06-F728-412E-852B-1D7FDF2F68EA}.Debug|Mixed Platforms.Build.0 = Debug|Any CPU
		{77E4BC06-F728-412E-852B-1D7FDF2F68EA}.Debug|x86.ActiveCfg = Debug|x86
		{77E4BC06-F728-412E-852B-1D7FDF2F68EA}.Release|Any CPU.ActiveCfg = Release|Any CPU
		{77E4BC06-F728-412E-852B-1D7FDF2F68EA}.Release|Any CPU.Build.0 = Release|Any CPU
		{77E4BC06-F728-412E-852B-1D7FDF2F68EA}.Release|Mixed Platforms.ActiveCfg = Release|Any CPU
		{77E4BC06-F728-412E-852B-1D7FDF2F68EA}.Release|Mixed Platforms.Build.0 = Release|Any CPU
		{77E4BC06-F728-412E-852B-1D7FDF2F68EA}.Release|x86.ActiveCfg = Release|x86
		{231A6590-3D1E-433A-815F-0CAADAC16401}.Debug|Any CPU.ActiveCfg = Debug|Any CPU
		{231A6590-3D1E-433A-815F-0CAADAC16401}.Debug|Any CPU.Build.0 = Debug|Any CPU
		{231A6590-3D1E-433A-815F-0CAADAC16401}.Debug|Mixed Platforms.ActiveCfg = Debug|x86
		{231A6590-3D1E-433A-815F-0CAADAC16401}.Debug|Mixed Platforms.Build.0 = Debug|x86
		{231A6590-3D1E-433A-815F-0CAADAC16401}.Debug|x86.ActiveCfg = Debug|x86
		{231A6590-3D1E-433A-815F-0CAADAC16401}.Release|Any CPU.ActiveCfg = Release|Any CPU
		{231A6590-3D1E-433A-815F-0CAADAC16401}.Release|Any CPU.Build.0 = Release|Any CPU
		{231A6590-3D1E-433A-815F-0CAADAC16401}.Release|Mixed Platforms.ActiveCfg = Release|Any CPU
		{231A6590-3D1E-433A-815F-0CAADAC16401}.Release|Mixed Platforms.Build.0 = Release|Any CPU
		{231A6590-3D1E-433A-815F-0CAADAC16401}.Release|x86.ActiveCfg = Release|x86
		{537F0BBE-74FC-455D-B893-5CB58397027A}.Debug|Any CPU.ActiveCfg = Debug|Any CPU
		{537F0BBE-74FC-455D-B893-5CB58397027A}.Debug|Any CPU.Build.0 = Debug|Any CPU
		{537F0BBE-74FC-455D-B893-5CB58397027A}.Debug|Mixed Platforms.ActiveCfg = Debug|Any CPU
		{537F0BBE-74FC-455D-B893-5CB58397027A}.Debug|Mixed Platforms.Build.0 = Debug|Any CPU
		{537F0BBE-74FC-455D-B893-5CB58397027A}.Debug|x86.ActiveCfg = Debug|x86
		{537F0BBE-74FC-455D-B893-5CB58397027A}.Release|Any CPU.ActiveCfg = Release|Any CPU
		{537F0BBE-74FC-455D-B893-5CB58397027A}.Release|Any CPU.Build.0 = Release|Any CPU
		{537F0BBE-74FC-455D-B893-5CB58397027A}.Release|Mixed Platforms.ActiveCfg = Release|Any CPU
		{537F0BBE-74FC-455D-B893-5CB58397027A}.Release|Mixed Platforms.Build.0 = Release|Any CPU
		{537F0BBE-74FC-455D-B893-5CB58397027A}.Release|x86.ActiveCfg = Release|x86
		{F83DF668-F220-43D1-9548-557DA0F6A78A}.Debug|Any CPU.ActiveCfg = Debug|Any CPU
		{F83DF668-F220-43D1-9548-557DA0F6A78A}.Debug|Any CPU.Build.0 = Debug|Any CPU
		{F83DF668-F220-43D1-9548-557DA0F6A78A}.Debug|Mixed Platforms.ActiveCfg = Debug|Any CPU
		{F83DF668-F220-43D1-9548-557DA0F6A78A}.Debug|Mixed Platforms.Build.0 = Debug|Any CPU
		{F83DF668-F220-43D1-9548-557DA0F6A78A}.Debug|x86.ActiveCfg = Debug|x86
		{F83DF668-F220-43D1-9548-557DA0F6A78A}.Release|Any CPU.ActiveCfg = Release|Any CPU
		{F83DF668-F220-43D1-9548-557DA0F6A78A}.Release|Any CPU.Build.0 = Release|Any CPU
		{F83DF668-F220-43D1-9548-557DA0F6A78A}.Release|Mixed Platforms.ActiveCfg = Release|Any CPU
		{F83DF668-F220-43D1-9548-557DA0F6A78A}.Release|Mixed Platforms.Build.0 = Release|Any CPU
		{F83DF668-F220-43D1-9548-557DA0F6A78A}.Release|x86.ActiveCfg = Release|x86
		{E06E26B0-7872-4320-8215-B171DA3D2AE3}.Debug|Any CPU.ActiveCfg = Debug|Any CPU
		{E06E26B0-7872-4320-8215-B171DA3D2AE3}.Debug|Any CPU.Build.0 = Debug|Any CPU
		{E06E26B0-7872-4320-8215-B171DA3D2AE3}.Debug|Mixed Platforms.ActiveCfg = Debug|Any CPU
		{E06E26B0-7872-4320-8215-B171DA3D2AE3}.Debug|Mixed Platforms.Build.0 = Debug|Any CPU
		{E06E26B0-7872-4320-8215-B171DA3D2AE3}.Debug|x86.ActiveCfg = Debug|x86
		{E06E26B0-7872-4320-8215-B171DA3D2AE3}.Release|Any CPU.ActiveCfg = Release|Any CPU
		{E06E26B0-7872-4320-8215-B171DA3D2AE3}.Release|Any CPU.Build.0 = Release|Any CPU
		{E06E26B0-7872-4320-8215-B171DA3D2AE3}.Release|Mixed Platforms.ActiveCfg = Release|Any CPU
		{E06E26B0-7872-4320-8215-B171DA3D2AE3}.Release|Mixed Platforms.Build.0 = Release|Any CPU
		{E06E26B0-7872-4320-8215-B171DA3D2AE3}.Release|x86.ActiveCfg = Release|x86
		{58664B35-8A09-4632-B7B4-08904B66DAF3}.Debug|Any CPU.ActiveCfg = Debug|Any CPU
		{58664B35-8A09-4632-B7B4-08904B66DAF3}.Debug|Any CPU.Build.0 = Debug|Any CPU
		{58664B35-8A09-4632-B7B4-08904B66DAF3}.Debug|Mixed Platforms.ActiveCfg = Debug|Any CPU
		{58664B35-8A09-4632-B7B4-08904B66DAF3}.Debug|Mixed Platforms.Build.0 = Debug|Any CPU
		{58664B35-8A09-4632-B7B4-08904B66DAF3}.Debug|x86.ActiveCfg = Debug|x86
		{58664B35-8A09-4632-B7B4-08904B66DAF3}.Release|Any CPU.ActiveCfg = Release|Any CPU
		{58664B35-8A09-4632-B7B4-08904B66DAF3}.Release|Any CPU.Build.0 = Release|Any CPU
		{58664B35-8A09-4632-B7B4-08904B66DAF3}.Release|Mixed Platforms.ActiveCfg = Release|Any CPU
		{58664B35-8A09-4632-B7B4-08904B66DAF3}.Release|Mixed Platforms.Build.0 = Release|Any CPU
		{58664B35-8A09-4632-B7B4-08904B66DAF3}.Release|x86.ActiveCfg = Release|x86
		{BCA9A0A1-7B71-4805-8F8E-9FC870B87797}.Debug|Any CPU.ActiveCfg = Debug|Any CPU
		{BCA9A0A1-7B71-4805-8F8E-9FC870B87797}.Debug|Any CPU.Build.0 = Debug|Any CPU
		{BCA9A0A1-7B71-4805-8F8E-9FC870B87797}.Debug|Mixed Platforms.ActiveCfg = Debug|Any CPU
		{BCA9A0A1-7B71-4805-8F8E-9FC870B87797}.Debug|Mixed Platforms.Build.0 = Debug|Any CPU
		{BCA9A0A1-7B71-4805-8F8E-9FC870B87797}.Debug|x86.ActiveCfg = Debug|x86
		{BCA9A0A1-7B71-4805-8F8E-9FC870B87797}.Release|Any CPU.ActiveCfg = Release|Any CPU
		{BCA9A0A1-7B71-4805-8F8E-9FC870B87797}.Release|Any CPU.Build.0 = Release|Any CPU
		{BCA9A0A1-7B71-4805-8F8E-9FC870B87797}.Release|Mixed Platforms.ActiveCfg = Release|Any CPU
		{BCA9A0A1-7B71-4805-8F8E-9FC870B87797}.Release|Mixed Platforms.Build.0 = Release|Any CPU
		{BCA9A0A1-7B71-4805-8F8E-9FC870B87797}.Release|x86.ActiveCfg = Release|x86
		{547C9AAF-E35C-4DD2-A77B-9EEAA9697834}.Debug|Any CPU.ActiveCfg = Debug|Any CPU
		{547C9AAF-E35C-4DD2-A77B-9EEAA9697834}.Debug|Any CPU.Build.0 = Debug|Any CPU
		{547C9AAF-E35C-4DD2-A77B-9EEAA9697834}.Debug|Mixed Platforms.ActiveCfg = Debug|Any CPU
		{547C9AAF-E35C-4DD2-A77B-9EEAA9697834}.Debug|Mixed Platforms.Build.0 = Debug|Any CPU
		{547C9AAF-E35C-4DD2-A77B-9EEAA9697834}.Debug|x86.ActiveCfg = Debug|x86
		{547C9AAF-E35C-4DD2-A77B-9EEAA9697834}.Release|Any CPU.ActiveCfg = Release|Any CPU
		{547C9AAF-E35C-4DD2-A77B-9EEAA9697834}.Release|Any CPU.Build.0 = Release|Any CPU
		{547C9AAF-E35C-4DD2-A77B-9EEAA9697834}.Release|Mixed Platforms.ActiveCfg = Release|Any CPU
		{547C9AAF-E35C-4DD2-A77B-9EEAA9697834}.Release|Mixed Platforms.Build.0 = Release|Any CPU
		{547C9AAF-E35C-4DD2-A77B-9EEAA9697834}.Release|x86.ActiveCfg = Release|x86
		{47359928-A693-44C3-A26B-9DDE8847A607}.Debug|Any CPU.ActiveCfg = Debug|Any CPU
		{47359928-A693-44C3-A26B-9DDE8847A607}.Debug|Any CPU.Build.0 = Debug|Any CPU
		{47359928-A693-44C3-A26B-9DDE8847A607}.Debug|Mixed Platforms.ActiveCfg = Debug|Any CPU
		{47359928-A693-44C3-A26B-9DDE8847A607}.Debug|Mixed Platforms.Build.0 = Debug|Any CPU
		{47359928-A693-44C3-A26B-9DDE8847A607}.Debug|x86.ActiveCfg = Debug|x86
		{47359928-A693-44C3-A26B-9DDE8847A607}.Release|Any CPU.ActiveCfg = Release|Any CPU
		{47359928-A693-44C3-A26B-9DDE8847A607}.Release|Any CPU.Build.0 = Release|Any CPU
		{47359928-A693-44C3-A26B-9DDE8847A607}.Release|Mixed Platforms.ActiveCfg = Release|Any CPU
		{47359928-A693-44C3-A26B-9DDE8847A607}.Release|Mixed Platforms.Build.0 = Release|Any CPU
		{47359928-A693-44C3-A26B-9DDE8847A607}.Release|x86.ActiveCfg = Release|x86
		{84FDAC62-C39B-4968-A237-D40B0998AD9C}.Debug|Any CPU.ActiveCfg = Debug|Any CPU
		{84FDAC62-C39B-4968-A237-D40B0998AD9C}.Debug|Any CPU.Build.0 = Debug|Any CPU
		{84FDAC62-C39B-4968-A237-D40B0998AD9C}.Debug|Mixed Platforms.ActiveCfg = Debug|Any CPU
		{84FDAC62-C39B-4968-A237-D40B0998AD9C}.Debug|Mixed Platforms.Build.0 = Debug|Any CPU
		{84FDAC62-C39B-4968-A237-D40B0998AD9C}.Debug|x86.ActiveCfg = Debug|x86
		{84FDAC62-C39B-4968-A237-D40B0998AD9C}.Release|Any CPU.ActiveCfg = Release|Any CPU
		{84FDAC62-C39B-4968-A237-D40B0998AD9C}.Release|Any CPU.Build.0 = Release|Any CPU
		{84FDAC62-C39B-4968-A237-D40B0998AD9C}.Release|Mixed Platforms.ActiveCfg = Release|Any CPU
		{84FDAC62-C39B-4968-A237-D40B0998AD9C}.Release|Mixed Platforms.Build.0 = Release|Any CPU
		{84FDAC62-C39B-4968-A237-D40B0998AD9C}.Release|x86.ActiveCfg = Release|x86
		{05F375F2-3C0D-4DCC-972A-79BDABA88C47}.Debug|Any CPU.ActiveCfg = Debug|Any CPU
		{05F375F2-3C0D-4DCC-972A-79BDABA88C47}.Debug|Any CPU.Build.0 = Debug|Any CPU
		{05F375F2-3C0D-4DCC-972A-79BDABA88C47}.Debug|Mixed Platforms.ActiveCfg = Debug|Any CPU
		{05F375F2-3C0D-4DCC-972A-79BDABA88C47}.Debug|Mixed Platforms.Build.0 = Debug|Any CPU
		{05F375F2-3C0D-4DCC-972A-79BDABA88C47}.Debug|x86.ActiveCfg = Debug|x86
		{05F375F2-3C0D-4DCC-972A-79BDABA88C47}.Release|Any CPU.ActiveCfg = Release|Any CPU
		{05F375F2-3C0D-4DCC-972A-79BDABA88C47}.Release|Any CPU.Build.0 = Release|Any CPU
		{05F375F2-3C0D-4DCC-972A-79BDABA88C47}.Release|Mixed Platforms.ActiveCfg = Release|Any CPU
		{05F375F2-3C0D-4DCC-972A-79BDABA88C47}.Release|Mixed Platforms.Build.0 = Release|Any CPU
		{05F375F2-3C0D-4DCC-972A-79BDABA88C47}.Release|x86.ActiveCfg = Release|x86
		{B7F4BDC7-95AB-46DF-8D7F-106F2AFBE540}.Debug|Any CPU.ActiveCfg = Debug|Any CPU
		{B7F4BDC7-95AB-46DF-8D7F-106F2AFBE540}.Debug|Any CPU.Build.0 = Debug|Any CPU
		{B7F4BDC7-95AB-46DF-8D7F-106F2AFBE540}.Debug|Mixed Platforms.ActiveCfg = Debug|Any CPU
		{B7F4BDC7-95AB-46DF-8D7F-106F2AFBE540}.Debug|Mixed Platforms.Build.0 = Debug|Any CPU
		{B7F4BDC7-95AB-46DF-8D7F-106F2AFBE540}.Debug|x86.ActiveCfg = Debug|x86
		{B7F4BDC7-95AB-46DF-8D7F-106F2AFBE540}.Release|Any CPU.ActiveCfg = Release|Any CPU
		{B7F4BDC7-95AB-46DF-8D7F-106F2AFBE540}.Release|Any CPU.Build.0 = Release|Any CPU
		{B7F4BDC7-95AB-46DF-8D7F-106F2AFBE540}.Release|Mixed Platforms.ActiveCfg = Release|Any CPU
		{B7F4BDC7-95AB-46DF-8D7F-106F2AFBE540}.Release|Mixed Platforms.Build.0 = Release|Any CPU
		{B7F4BDC7-95AB-46DF-8D7F-106F2AFBE540}.Release|x86.ActiveCfg = Release|x86
		{ACA82633-E1CF-47A4-8F34-CA0D03445B53}.Debug|Any CPU.ActiveCfg = Debug|Any CPU
		{ACA82633-E1CF-47A4-8F34-CA0D03445B53}.Debug|Any CPU.Build.0 = Debug|Any CPU
		{ACA82633-E1CF-47A4-8F34-CA0D03445B53}.Debug|Mixed Platforms.ActiveCfg = Debug|Any CPU
		{ACA82633-E1CF-47A4-8F34-CA0D03445B53}.Debug|Mixed Platforms.Build.0 = Debug|Any CPU
		{ACA82633-E1CF-47A4-8F34-CA0D03445B53}.Debug|x86.ActiveCfg = Debug|x86
		{ACA82633-E1CF-47A4-8F34-CA0D03445B53}.Release|Any CPU.ActiveCfg = Release|Any CPU
		{ACA82633-E1CF-47A4-8F34-CA0D03445B53}.Release|Any CPU.Build.0 = Release|Any CPU
		{ACA82633-E1CF-47A4-8F34-CA0D03445B53}.Release|Mixed Platforms.ActiveCfg = Release|Any CPU
		{ACA82633-E1CF-47A4-8F34-CA0D03445B53}.Release|Mixed Platforms.Build.0 = Release|Any CPU
		{ACA82633-E1CF-47A4-8F34-CA0D03445B53}.Release|x86.ActiveCfg = Release|x86
		{C4EDB204-9EF0-4BF3-8CC4-6EAA94F04B04}.Debug|Any CPU.ActiveCfg = Debug|Any CPU
		{C4EDB204-9EF0-4BF3-8CC4-6EAA94F04B04}.Debug|Any CPU.Build.0 = Debug|Any CPU
		{C4EDB204-9EF0-4BF3-8CC4-6EAA94F04B04}.Debug|Mixed Platforms.ActiveCfg = Debug|Any CPU
		{C4EDB204-9EF0-4BF3-8CC4-6EAA94F04B04}.Debug|Mixed Platforms.Build.0 = Debug|Any CPU
		{C4EDB204-9EF0-4BF3-8CC4-6EAA94F04B04}.Debug|x86.ActiveCfg = Debug|x86
		{C4EDB204-9EF0-4BF3-8CC4-6EAA94F04B04}.Release|Any CPU.ActiveCfg = Release|Any CPU
		{C4EDB204-9EF0-4BF3-8CC4-6EAA94F04B04}.Release|Any CPU.Build.0 = Release|Any CPU
		{C4EDB204-9EF0-4BF3-8CC4-6EAA94F04B04}.Release|Mixed Platforms.ActiveCfg = Release|Any CPU
		{C4EDB204-9EF0-4BF3-8CC4-6EAA94F04B04}.Release|Mixed Platforms.Build.0 = Release|Any CPU
		{C4EDB204-9EF0-4BF3-8CC4-6EAA94F04B04}.Release|x86.ActiveCfg = Release|x86
		{1283775B-B211-4632-AE80-5BD678C479C2}.Debug|Any CPU.ActiveCfg = Debug|Any CPU
		{1283775B-B211-4632-AE80-5BD678C479C2}.Debug|Any CPU.Build.0 = Debug|Any CPU
		{1283775B-B211-4632-AE80-5BD678C479C2}.Debug|Mixed Platforms.ActiveCfg = Debug|Any CPU
		{1283775B-B211-4632-AE80-5BD678C479C2}.Debug|Mixed Platforms.Build.0 = Debug|Any CPU
		{1283775B-B211-4632-AE80-5BD678C479C2}.Debug|x86.ActiveCfg = Debug|x86
		{1283775B-B211-4632-AE80-5BD678C479C2}.Release|Any CPU.ActiveCfg = Release|Any CPU
		{1283775B-B211-4632-AE80-5BD678C479C2}.Release|Any CPU.Build.0 = Release|Any CPU
		{1283775B-B211-4632-AE80-5BD678C479C2}.Release|Mixed Platforms.ActiveCfg = Release|Any CPU
		{1283775B-B211-4632-AE80-5BD678C479C2}.Release|Mixed Platforms.Build.0 = Release|Any CPU
		{1283775B-B211-4632-AE80-5BD678C479C2}.Release|x86.ActiveCfg = Release|x86
		{D42572A6-BF7D-478A-B940-0BAC34F7E077}.Debug|Any CPU.ActiveCfg = Debug|Any CPU
		{D42572A6-BF7D-478A-B940-0BAC34F7E077}.Debug|Any CPU.Build.0 = Debug|Any CPU
		{D42572A6-BF7D-478A-B940-0BAC34F7E077}.Debug|Mixed Platforms.ActiveCfg = Debug|Any CPU
		{D42572A6-BF7D-478A-B940-0BAC34F7E077}.Debug|Mixed Platforms.Build.0 = Debug|Any CPU
		{D42572A6-BF7D-478A-B940-0BAC34F7E077}.Debug|x86.ActiveCfg = Debug|x86
		{D42572A6-BF7D-478A-B940-0BAC34F7E077}.Release|Any CPU.ActiveCfg = Release|Any CPU
		{D42572A6-BF7D-478A-B940-0BAC34F7E077}.Release|Any CPU.Build.0 = Release|Any CPU
		{D42572A6-BF7D-478A-B940-0BAC34F7E077}.Release|Mixed Platforms.ActiveCfg = Release|Any CPU
		{D42572A6-BF7D-478A-B940-0BAC34F7E077}.Release|Mixed Platforms.Build.0 = Release|Any CPU
		{D42572A6-BF7D-478A-B940-0BAC34F7E077}.Release|x86.ActiveCfg = Release|x86
		{43221101-90BF-4A86-ACB7-65908B8E455A}.Debug|Any CPU.ActiveCfg = Debug|Any CPU
		{43221101-90BF-4A86-ACB7-65908B8E455A}.Debug|Any CPU.Build.0 = Debug|Any CPU
		{43221101-90BF-4A86-ACB7-65908B8E455A}.Debug|Mixed Platforms.ActiveCfg = Debug|Any CPU
		{43221101-90BF-4A86-ACB7-65908B8E455A}.Debug|Mixed Platforms.Build.0 = Debug|Any CPU
		{43221101-90BF-4A86-ACB7-65908B8E455A}.Debug|x86.ActiveCfg = Debug|x86
		{43221101-90BF-4A86-ACB7-65908B8E455A}.Release|Any CPU.ActiveCfg = Release|Any CPU
		{43221101-90BF-4A86-ACB7-65908B8E455A}.Release|Any CPU.Build.0 = Release|Any CPU
		{43221101-90BF-4A86-ACB7-65908B8E455A}.Release|Mixed Platforms.ActiveCfg = Release|Any CPU
		{43221101-90BF-4A86-ACB7-65908B8E455A}.Release|Mixed Platforms.Build.0 = Release|Any CPU
		{43221101-90BF-4A86-ACB7-65908B8E455A}.Release|x86.ActiveCfg = Release|x86
		{D8C97561-B028-41EA-97A0-AE989524E6ED}.Debug|Any CPU.ActiveCfg = Debug|Any CPU
		{D8C97561-B028-41EA-97A0-AE989524E6ED}.Debug|Any CPU.Build.0 = Debug|Any CPU
		{D8C97561-B028-41EA-97A0-AE989524E6ED}.Debug|Mixed Platforms.ActiveCfg = Debug|Any CPU
		{D8C97561-B028-41EA-97A0-AE989524E6ED}.Debug|Mixed Platforms.Build.0 = Debug|Any CPU
		{D8C97561-B028-41EA-97A0-AE989524E6ED}.Debug|x86.ActiveCfg = Debug|x86
		{D8C97561-B028-41EA-97A0-AE989524E6ED}.Release|Any CPU.ActiveCfg = Release|Any CPU
		{D8C97561-B028-41EA-97A0-AE989524E6ED}.Release|Any CPU.Build.0 = Release|Any CPU
		{D8C97561-B028-41EA-97A0-AE989524E6ED}.Release|Mixed Platforms.ActiveCfg = Release|Any CPU
		{D8C97561-B028-41EA-97A0-AE989524E6ED}.Release|Mixed Platforms.Build.0 = Release|Any CPU
		{D8C97561-B028-41EA-97A0-AE989524E6ED}.Release|x86.ActiveCfg = Release|x86
		{B6C0184A-4227-4C29-A364-1DC910EFB88F}.Debug|Any CPU.ActiveCfg = Debug|Any CPU
		{B6C0184A-4227-4C29-A364-1DC910EFB88F}.Debug|Any CPU.Build.0 = Debug|Any CPU
		{B6C0184A-4227-4C29-A364-1DC910EFB88F}.Debug|Mixed Platforms.ActiveCfg = Debug|Any CPU
		{B6C0184A-4227-4C29-A364-1DC910EFB88F}.Debug|Mixed Platforms.Build.0 = Debug|Any CPU
		{B6C0184A-4227-4C29-A364-1DC910EFB88F}.Debug|x86.ActiveCfg = Debug|x86
		{B6C0184A-4227-4C29-A364-1DC910EFB88F}.Release|Any CPU.ActiveCfg = Release|Any CPU
		{B6C0184A-4227-4C29-A364-1DC910EFB88F}.Release|Any CPU.Build.0 = Release|Any CPU
		{B6C0184A-4227-4C29-A364-1DC910EFB88F}.Release|Mixed Platforms.ActiveCfg = Release|Any CPU
		{B6C0184A-4227-4C29-A364-1DC910EFB88F}.Release|Mixed Platforms.Build.0 = Release|Any CPU
		{B6C0184A-4227-4C29-A364-1DC910EFB88F}.Release|x86.ActiveCfg = Release|x86
		{216579C3-DC3E-40C4-957C-A2D37D7EC6CD}.Debug|Any CPU.ActiveCfg = Debug|Any CPU
		{216579C3-DC3E-40C4-957C-A2D37D7EC6CD}.Debug|Any CPU.Build.0 = Debug|Any CPU
		{216579C3-DC3E-40C4-957C-A2D37D7EC6CD}.Debug|Mixed Platforms.ActiveCfg = Debug|Any CPU
		{216579C3-DC3E-40C4-957C-A2D37D7EC6CD}.Debug|Mixed Platforms.Build.0 = Debug|Any CPU
		{216579C3-DC3E-40C4-957C-A2D37D7EC6CD}.Debug|x86.ActiveCfg = Debug|x86
		{216579C3-DC3E-40C4-957C-A2D37D7EC6CD}.Release|Any CPU.ActiveCfg = Release|Any CPU
		{216579C3-DC3E-40C4-957C-A2D37D7EC6CD}.Release|Any CPU.Build.0 = Release|Any CPU
		{216579C3-DC3E-40C4-957C-A2D37D7EC6CD}.Release|Mixed Platforms.ActiveCfg = Release|Any CPU
		{216579C3-DC3E-40C4-957C-A2D37D7EC6CD}.Release|Mixed Platforms.Build.0 = Release|Any CPU
		{216579C3-DC3E-40C4-957C-A2D37D7EC6CD}.Release|x86.ActiveCfg = Release|x86
		{91B86BB6-4DE3-47AC-82C9-2B3160C27C91}.Debug|Any CPU.ActiveCfg = Debug|Any CPU
		{91B86BB6-4DE3-47AC-82C9-2B3160C27C91}.Debug|Any CPU.Build.0 = Debug|Any CPU
		{91B86BB6-4DE3-47AC-82C9-2B3160C27C91}.Debug|Mixed Platforms.ActiveCfg = Debug|Any CPU
		{91B86BB6-4DE3-47AC-82C9-2B3160C27C91}.Debug|Mixed Platforms.Build.0 = Debug|Any CPU
		{91B86BB6-4DE3-47AC-82C9-2B3160C27C91}.Debug|x86.ActiveCfg = Debug|x86
		{91B86BB6-4DE3-47AC-82C9-2B3160C27C91}.Release|Any CPU.ActiveCfg = Release|Any CPU
		{91B86BB6-4DE3-47AC-82C9-2B3160C27C91}.Release|Any CPU.Build.0 = Release|Any CPU
		{91B86BB6-4DE3-47AC-82C9-2B3160C27C91}.Release|Mixed Platforms.ActiveCfg = Release|Any CPU
		{91B86BB6-4DE3-47AC-82C9-2B3160C27C91}.Release|Mixed Platforms.Build.0 = Release|Any CPU
		{91B86BB6-4DE3-47AC-82C9-2B3160C27C91}.Release|x86.ActiveCfg = Release|x86
		{D377035D-19A0-4980-AE9B-6B0D35E4A7AB}.Debug|Any CPU.ActiveCfg = Debug|Any CPU
		{D377035D-19A0-4980-AE9B-6B0D35E4A7AB}.Debug|Any CPU.Build.0 = Debug|Any CPU
		{D377035D-19A0-4980-AE9B-6B0D35E4A7AB}.Debug|Mixed Platforms.ActiveCfg = Debug|Any CPU
		{D377035D-19A0-4980-AE9B-6B0D35E4A7AB}.Debug|Mixed Platforms.Build.0 = Debug|Any CPU
		{D377035D-19A0-4980-AE9B-6B0D35E4A7AB}.Debug|x86.ActiveCfg = Debug|x86
		{D377035D-19A0-4980-AE9B-6B0D35E4A7AB}.Release|Any CPU.ActiveCfg = Release|Any CPU
		{D377035D-19A0-4980-AE9B-6B0D35E4A7AB}.Release|Any CPU.Build.0 = Release|Any CPU
		{D377035D-19A0-4980-AE9B-6B0D35E4A7AB}.Release|Mixed Platforms.ActiveCfg = Release|Any CPU
		{D377035D-19A0-4980-AE9B-6B0D35E4A7AB}.Release|Mixed Platforms.Build.0 = Release|Any CPU
		{D377035D-19A0-4980-AE9B-6B0D35E4A7AB}.Release|x86.ActiveCfg = Release|x86
		{697F41A9-4D6F-40E4-8441-BC28C4130C5C}.Debug|Any CPU.ActiveCfg = Debug|Any CPU
		{697F41A9-4D6F-40E4-8441-BC28C4130C5C}.Debug|Any CPU.Build.0 = Debug|Any CPU
		{697F41A9-4D6F-40E4-8441-BC28C4130C5C}.Debug|Mixed Platforms.ActiveCfg = Debug|Any CPU
		{697F41A9-4D6F-40E4-8441-BC28C4130C5C}.Debug|Mixed Platforms.Build.0 = Debug|Any CPU
		{697F41A9-4D6F-40E4-8441-BC28C4130C5C}.Debug|x86.ActiveCfg = Debug|x86
		{697F41A9-4D6F-40E4-8441-BC28C4130C5C}.Release|Any CPU.ActiveCfg = Release|Any CPU
		{697F41A9-4D6F-40E4-8441-BC28C4130C5C}.Release|Any CPU.Build.0 = Release|Any CPU
		{697F41A9-4D6F-40E4-8441-BC28C4130C5C}.Release|Mixed Platforms.ActiveCfg = Release|Any CPU
		{697F41A9-4D6F-40E4-8441-BC28C4130C5C}.Release|Mixed Platforms.Build.0 = Release|Any CPU
		{697F41A9-4D6F-40E4-8441-BC28C4130C5C}.Release|x86.ActiveCfg = Release|x86
		{0448F1DA-062F-4540-AA26-1F91967B02D0}.Debug|Any CPU.ActiveCfg = Debug|Any CPU
		{0448F1DA-062F-4540-AA26-1F91967B02D0}.Debug|Any CPU.Build.0 = Debug|Any CPU
		{0448F1DA-062F-4540-AA26-1F91967B02D0}.Debug|Mixed Platforms.ActiveCfg = Debug|Any CPU
		{0448F1DA-062F-4540-AA26-1F91967B02D0}.Debug|Mixed Platforms.Build.0 = Debug|Any CPU
		{0448F1DA-062F-4540-AA26-1F91967B02D0}.Debug|x86.ActiveCfg = Debug|x86
		{0448F1DA-062F-4540-AA26-1F91967B02D0}.Release|Any CPU.ActiveCfg = Release|Any CPU
		{0448F1DA-062F-4540-AA26-1F91967B02D0}.Release|Any CPU.Build.0 = Release|Any CPU
		{0448F1DA-062F-4540-AA26-1F91967B02D0}.Release|Mixed Platforms.ActiveCfg = Release|Any CPU
		{0448F1DA-062F-4540-AA26-1F91967B02D0}.Release|Mixed Platforms.Build.0 = Release|Any CPU
		{0448F1DA-062F-4540-AA26-1F91967B02D0}.Release|x86.ActiveCfg = Release|x86
		{0C06F450-BB3F-4701-A820-34F59D15BA24}.Debug|Any CPU.ActiveCfg = Debug|Any CPU
		{0C06F450-BB3F-4701-A820-34F59D15BA24}.Debug|Any CPU.Build.0 = Debug|Any CPU
		{0C06F450-BB3F-4701-A820-34F59D15BA24}.Debug|Mixed Platforms.ActiveCfg = Debug|Any CPU
		{0C06F450-BB3F-4701-A820-34F59D15BA24}.Debug|Mixed Platforms.Build.0 = Debug|Any CPU
		{0C06F450-BB3F-4701-A820-34F59D15BA24}.Debug|x86.ActiveCfg = Debug|x86
		{0C06F450-BB3F-4701-A820-34F59D15BA24}.Release|Any CPU.ActiveCfg = Release|Any CPU
		{0C06F450-BB3F-4701-A820-34F59D15BA24}.Release|Any CPU.Build.0 = Release|Any CPU
		{0C06F450-BB3F-4701-A820-34F59D15BA24}.Release|Mixed Platforms.ActiveCfg = Release|Any CPU
		{0C06F450-BB3F-4701-A820-34F59D15BA24}.Release|Mixed Platforms.Build.0 = Release|Any CPU
		{0C06F450-BB3F-4701-A820-34F59D15BA24}.Release|x86.ActiveCfg = Release|x86
		{D50774DA-EE0A-41C3-881E-599BC30B86EF}.Debug|Any CPU.ActiveCfg = Debug|Any CPU
		{D50774DA-EE0A-41C3-881E-599BC30B86EF}.Debug|Any CPU.Build.0 = Debug|Any CPU
		{D50774DA-EE0A-41C3-881E-599BC30B86EF}.Debug|Mixed Platforms.ActiveCfg = Debug|Any CPU
		{D50774DA-EE0A-41C3-881E-599BC30B86EF}.Debug|Mixed Platforms.Build.0 = Debug|Any CPU
		{D50774DA-EE0A-41C3-881E-599BC30B86EF}.Debug|x86.ActiveCfg = Debug|x86
		{D50774DA-EE0A-41C3-881E-599BC30B86EF}.Release|Any CPU.ActiveCfg = Release|Any CPU
		{D50774DA-EE0A-41C3-881E-599BC30B86EF}.Release|Any CPU.Build.0 = Release|Any CPU
		{D50774DA-EE0A-41C3-881E-599BC30B86EF}.Release|Mixed Platforms.ActiveCfg = Release|Any CPU
		{D50774DA-EE0A-41C3-881E-599BC30B86EF}.Release|Mixed Platforms.Build.0 = Release|Any CPU
		{D50774DA-EE0A-41C3-881E-599BC30B86EF}.Release|x86.ActiveCfg = Release|x86
		{F5C1198A-FB20-4943-AC2C-0F12FA591BC2}.Debug|Any CPU.ActiveCfg = Debug|Any CPU
		{F5C1198A-FB20-4943-AC2C-0F12FA591BC2}.Debug|Any CPU.Build.0 = Debug|Any CPU
		{F5C1198A-FB20-4943-AC2C-0F12FA591BC2}.Debug|Mixed Platforms.ActiveCfg = Debug|Any CPU
		{F5C1198A-FB20-4943-AC2C-0F12FA591BC2}.Debug|Mixed Platforms.Build.0 = Debug|Any CPU
		{F5C1198A-FB20-4943-AC2C-0F12FA591BC2}.Debug|x86.ActiveCfg = Debug|x86
		{F5C1198A-FB20-4943-AC2C-0F12FA591BC2}.Release|Any CPU.ActiveCfg = Release|Any CPU
		{F5C1198A-FB20-4943-AC2C-0F12FA591BC2}.Release|Any CPU.Build.0 = Release|Any CPU
		{F5C1198A-FB20-4943-AC2C-0F12FA591BC2}.Release|Mixed Platforms.ActiveCfg = Release|Any CPU
		{F5C1198A-FB20-4943-AC2C-0F12FA591BC2}.Release|Mixed Platforms.Build.0 = Release|Any CPU
		{F5C1198A-FB20-4943-AC2C-0F12FA591BC2}.Release|x86.ActiveCfg = Release|x86
		{974E90C8-935D-43DD-A840-EE036C1C3A80}.Debug|Any CPU.ActiveCfg = Debug|Any CPU
		{974E90C8-935D-43DD-A840-EE036C1C3A80}.Debug|Any CPU.Build.0 = Debug|Any CPU
		{974E90C8-935D-43DD-A840-EE036C1C3A80}.Debug|Mixed Platforms.ActiveCfg = Debug|Any CPU
		{974E90C8-935D-43DD-A840-EE036C1C3A80}.Debug|Mixed Platforms.Build.0 = Debug|Any CPU
		{974E90C8-935D-43DD-A840-EE036C1C3A80}.Debug|x86.ActiveCfg = Debug|x86
		{974E90C8-935D-43DD-A840-EE036C1C3A80}.Release|Any CPU.ActiveCfg = Release|Any CPU
		{974E90C8-935D-43DD-A840-EE036C1C3A80}.Release|Any CPU.Build.0 = Release|Any CPU
		{974E90C8-935D-43DD-A840-EE036C1C3A80}.Release|Mixed Platforms.ActiveCfg = Release|Any CPU
		{974E90C8-935D-43DD-A840-EE036C1C3A80}.Release|Mixed Platforms.Build.0 = Release|Any CPU
		{974E90C8-935D-43DD-A840-EE036C1C3A80}.Release|x86.ActiveCfg = Release|x86
		{942C6EA6-7BE6-49CC-A634-E5E8E37B48D7}.Debug|Any CPU.ActiveCfg = Debug|Any CPU
		{942C6EA6-7BE6-49CC-A634-E5E8E37B48D7}.Debug|Any CPU.Build.0 = Debug|Any CPU
		{942C6EA6-7BE6-49CC-A634-E5E8E37B48D7}.Debug|Mixed Platforms.ActiveCfg = Debug|Any CPU
		{942C6EA6-7BE6-49CC-A634-E5E8E37B48D7}.Debug|Mixed Platforms.Build.0 = Debug|Any CPU
		{942C6EA6-7BE6-49CC-A634-E5E8E37B48D7}.Debug|x86.ActiveCfg = Debug|x86
		{942C6EA6-7BE6-49CC-A634-E5E8E37B48D7}.Release|Any CPU.ActiveCfg = Release|Any CPU
		{942C6EA6-7BE6-49CC-A634-E5E8E37B48D7}.Release|Any CPU.Build.0 = Release|Any CPU
		{942C6EA6-7BE6-49CC-A634-E5E8E37B48D7}.Release|Mixed Platforms.ActiveCfg = Release|Any CPU
		{942C6EA6-7BE6-49CC-A634-E5E8E37B48D7}.Release|Mixed Platforms.Build.0 = Release|Any CPU
		{942C6EA6-7BE6-49CC-A634-E5E8E37B48D7}.Release|x86.ActiveCfg = Release|x86
		{7FE7ED76-4C78-4C5E-B899-CD9486C6A099}.Debug|Any CPU.ActiveCfg = Debug|Any CPU
		{7FE7ED76-4C78-4C5E-B899-CD9486C6A099}.Debug|Any CPU.Build.0 = Debug|Any CPU
		{7FE7ED76-4C78-4C5E-B899-CD9486C6A099}.Debug|Mixed Platforms.ActiveCfg = Debug|Any CPU
		{7FE7ED76-4C78-4C5E-B899-CD9486C6A099}.Debug|Mixed Platforms.Build.0 = Debug|Any CPU
		{7FE7ED76-4C78-4C5E-B899-CD9486C6A099}.Debug|x86.ActiveCfg = Debug|x86
		{7FE7ED76-4C78-4C5E-B899-CD9486C6A099}.Release|Any CPU.ActiveCfg = Release|Any CPU
		{7FE7ED76-4C78-4C5E-B899-CD9486C6A099}.Release|Any CPU.Build.0 = Release|Any CPU
		{7FE7ED76-4C78-4C5E-B899-CD9486C6A099}.Release|Mixed Platforms.ActiveCfg = Release|Any CPU
		{7FE7ED76-4C78-4C5E-B899-CD9486C6A099}.Release|Mixed Platforms.Build.0 = Release|Any CPU
		{7FE7ED76-4C78-4C5E-B899-CD9486C6A099}.Release|x86.ActiveCfg = Release|x86
		{B180AA5D-C6D0-4ACE-A3A4-63CC85F9BF31}.Debug|Any CPU.ActiveCfg = Debug|Any CPU
		{B180AA5D-C6D0-4ACE-A3A4-63CC85F9BF31}.Debug|Any CPU.Build.0 = Debug|Any CPU
		{B180AA5D-C6D0-4ACE-A3A4-63CC85F9BF31}.Debug|Mixed Platforms.ActiveCfg = Debug|Any CPU
		{B180AA5D-C6D0-4ACE-A3A4-63CC85F9BF31}.Debug|Mixed Platforms.Build.0 = Debug|Any CPU
		{B180AA5D-C6D0-4ACE-A3A4-63CC85F9BF31}.Debug|x86.ActiveCfg = Debug|x86
		{B180AA5D-C6D0-4ACE-A3A4-63CC85F9BF31}.Release|Any CPU.ActiveCfg = Release|Any CPU
		{B180AA5D-C6D0-4ACE-A3A4-63CC85F9BF31}.Release|Any CPU.Build.0 = Release|Any CPU
		{B180AA5D-C6D0-4ACE-A3A4-63CC85F9BF31}.Release|Mixed Platforms.ActiveCfg = Release|Any CPU
		{B180AA5D-C6D0-4ACE-A3A4-63CC85F9BF31}.Release|Mixed Platforms.Build.0 = Release|Any CPU
		{B180AA5D-C6D0-4ACE-A3A4-63CC85F9BF31}.Release|x86.ActiveCfg = Release|x86
		{335AFC43-5DD3-407C-BFF7-984A5D1AD67F}.Debug|Any CPU.ActiveCfg = Debug|Any CPU
		{335AFC43-5DD3-407C-BFF7-984A5D1AD67F}.Debug|Any CPU.Build.0 = Debug|Any CPU
		{335AFC43-5DD3-407C-BFF7-984A5D1AD67F}.Debug|Mixed Platforms.ActiveCfg = Debug|Any CPU
		{335AFC43-5DD3-407C-BFF7-984A5D1AD67F}.Debug|Mixed Platforms.Build.0 = Debug|Any CPU
		{335AFC43-5DD3-407C-BFF7-984A5D1AD67F}.Debug|x86.ActiveCfg = Debug|x86
		{335AFC43-5DD3-407C-BFF7-984A5D1AD67F}.Release|Any CPU.ActiveCfg = Release|Any CPU
		{335AFC43-5DD3-407C-BFF7-984A5D1AD67F}.Release|Any CPU.Build.0 = Release|Any CPU
		{335AFC43-5DD3-407C-BFF7-984A5D1AD67F}.Release|Mixed Platforms.ActiveCfg = Release|Any CPU
		{335AFC43-5DD3-407C-BFF7-984A5D1AD67F}.Release|Mixed Platforms.Build.0 = Release|Any CPU
		{335AFC43-5DD3-407C-BFF7-984A5D1AD67F}.Release|x86.ActiveCfg = Release|x86
		{DABE5F31-58B2-495F-A6FD-750A17F103CC}.Debug|Any CPU.ActiveCfg = Debug|Any CPU
		{DABE5F31-58B2-495F-A6FD-750A17F103CC}.Debug|Any CPU.Build.0 = Debug|Any CPU
		{DABE5F31-58B2-495F-A6FD-750A17F103CC}.Debug|Mixed Platforms.ActiveCfg = Debug|Any CPU
		{DABE5F31-58B2-495F-A6FD-750A17F103CC}.Debug|Mixed Platforms.Build.0 = Debug|Any CPU
		{DABE5F31-58B2-495F-A6FD-750A17F103CC}.Debug|x86.ActiveCfg = Debug|x86
		{DABE5F31-58B2-495F-A6FD-750A17F103CC}.Release|Any CPU.ActiveCfg = Release|Any CPU
		{DABE5F31-58B2-495F-A6FD-750A17F103CC}.Release|Any CPU.Build.0 = Release|Any CPU
		{DABE5F31-58B2-495F-A6FD-750A17F103CC}.Release|Mixed Platforms.ActiveCfg = Release|Any CPU
		{DABE5F31-58B2-495F-A6FD-750A17F103CC}.Release|Mixed Platforms.Build.0 = Release|Any CPU
		{DABE5F31-58B2-495F-A6FD-750A17F103CC}.Release|x86.ActiveCfg = Release|x86
		{C540FC60-61E0-43B2-8B5F-EAEE111B79C7}.Debug|Any CPU.ActiveCfg = Debug|Any CPU
		{C540FC60-61E0-43B2-8B5F-EAEE111B79C7}.Debug|Any CPU.Build.0 = Debug|Any CPU
		{C540FC60-61E0-43B2-8B5F-EAEE111B79C7}.Debug|Mixed Platforms.ActiveCfg = Debug|Any CPU
		{C540FC60-61E0-43B2-8B5F-EAEE111B79C7}.Debug|Mixed Platforms.Build.0 = Debug|Any CPU
		{C540FC60-61E0-43B2-8B5F-EAEE111B79C7}.Debug|x86.ActiveCfg = Debug|x86
		{C540FC60-61E0-43B2-8B5F-EAEE111B79C7}.Release|Any CPU.ActiveCfg = Release|Any CPU
		{C540FC60-61E0-43B2-8B5F-EAEE111B79C7}.Release|Any CPU.Build.0 = Release|Any CPU
		{C540FC60-61E0-43B2-8B5F-EAEE111B79C7}.Release|Mixed Platforms.ActiveCfg = Release|Any CPU
		{C540FC60-61E0-43B2-8B5F-EAEE111B79C7}.Release|Mixed Platforms.Build.0 = Release|Any CPU
		{C540FC60-61E0-43B2-8B5F-EAEE111B79C7}.Release|x86.ActiveCfg = Release|x86
		{C9CF2C50-0F37-42A6-A320-9A690046DD83}.Debug|Any CPU.ActiveCfg = Debug|Any CPU
		{C9CF2C50-0F37-42A6-A320-9A690046DD83}.Debug|Any CPU.Build.0 = Debug|Any CPU
		{C9CF2C50-0F37-42A6-A320-9A690046DD83}.Debug|Mixed Platforms.ActiveCfg = Debug|Any CPU
		{C9CF2C50-0F37-42A6-A320-9A690046DD83}.Debug|Mixed Platforms.Build.0 = Debug|Any CPU
		{C9CF2C50-0F37-42A6-A320-9A690046DD83}.Debug|x86.ActiveCfg = Debug|x86
		{C9CF2C50-0F37-42A6-A320-9A690046DD83}.Release|Any CPU.ActiveCfg = Release|Any CPU
		{C9CF2C50-0F37-42A6-A320-9A690046DD83}.Release|Any CPU.Build.0 = Release|Any CPU
		{C9CF2C50-0F37-42A6-A320-9A690046DD83}.Release|Mixed Platforms.ActiveCfg = Release|Any CPU
		{C9CF2C50-0F37-42A6-A320-9A690046DD83}.Release|Mixed Platforms.Build.0 = Release|Any CPU
		{C9CF2C50-0F37-42A6-A320-9A690046DD83}.Release|x86.ActiveCfg = Release|x86
		{AAA159E1-E818-41CC-9101-7EB7A1B340D3}.Debug|Any CPU.ActiveCfg = Debug|Any CPU
		{AAA159E1-E818-41CC-9101-7EB7A1B340D3}.Debug|Any CPU.Build.0 = Debug|Any CPU
		{AAA159E1-E818-41CC-9101-7EB7A1B340D3}.Debug|Mixed Platforms.ActiveCfg = Debug|Any CPU
		{AAA159E1-E818-41CC-9101-7EB7A1B340D3}.Debug|Mixed Platforms.Build.0 = Debug|Any CPU
		{AAA159E1-E818-41CC-9101-7EB7A1B340D3}.Debug|x86.ActiveCfg = Debug|x86
		{AAA159E1-E818-41CC-9101-7EB7A1B340D3}.Release|Any CPU.ActiveCfg = Release|Any CPU
		{AAA159E1-E818-41CC-9101-7EB7A1B340D3}.Release|Any CPU.Build.0 = Release|Any CPU
		{AAA159E1-E818-41CC-9101-7EB7A1B340D3}.Release|Mixed Platforms.ActiveCfg = Release|Any CPU
		{AAA159E1-E818-41CC-9101-7EB7A1B340D3}.Release|Mixed Platforms.Build.0 = Release|Any CPU
		{AAA159E1-E818-41CC-9101-7EB7A1B340D3}.Release|x86.ActiveCfg = Release|x86
		{8265E5AD-9E6E-4489-82F6-B2C134E3D9EA}.Debug|Any CPU.ActiveCfg = Debug|Any CPU
		{8265E5AD-9E6E-4489-82F6-B2C134E3D9EA}.Debug|Any CPU.Build.0 = Debug|Any CPU
		{8265E5AD-9E6E-4489-82F6-B2C134E3D9EA}.Debug|Mixed Platforms.ActiveCfg = Debug|Any CPU
		{8265E5AD-9E6E-4489-82F6-B2C134E3D9EA}.Debug|Mixed Platforms.Build.0 = Debug|Any CPU
		{8265E5AD-9E6E-4489-82F6-B2C134E3D9EA}.Debug|x86.ActiveCfg = Debug|x86
		{8265E5AD-9E6E-4489-82F6-B2C134E3D9EA}.Release|Any CPU.ActiveCfg = Release|Any CPU
		{8265E5AD-9E6E-4489-82F6-B2C134E3D9EA}.Release|Any CPU.Build.0 = Release|Any CPU
		{8265E5AD-9E6E-4489-82F6-B2C134E3D9EA}.Release|Mixed Platforms.ActiveCfg = Release|Any CPU
		{8265E5AD-9E6E-4489-82F6-B2C134E3D9EA}.Release|Mixed Platforms.Build.0 = Release|Any CPU
		{8265E5AD-9E6E-4489-82F6-B2C134E3D9EA}.Release|x86.ActiveCfg = Release|x86
		{4B8F3689-729D-4C1A-B222-617DB41F8B51}.Debug|Any CPU.ActiveCfg = Debug|Any CPU
		{4B8F3689-729D-4C1A-B222-617DB41F8B51}.Debug|Any CPU.Build.0 = Debug|Any CPU
		{4B8F3689-729D-4C1A-B222-617DB41F8B51}.Debug|Mixed Platforms.ActiveCfg = Debug|Any CPU
		{4B8F3689-729D-4C1A-B222-617DB41F8B51}.Debug|Mixed Platforms.Build.0 = Debug|Any CPU
		{4B8F3689-729D-4C1A-B222-617DB41F8B51}.Debug|x86.ActiveCfg = Debug|x86
		{4B8F3689-729D-4C1A-B222-617DB41F8B51}.Release|Any CPU.ActiveCfg = Release|Any CPU
		{4B8F3689-729D-4C1A-B222-617DB41F8B51}.Release|Any CPU.Build.0 = Release|Any CPU
		{4B8F3689-729D-4C1A-B222-617DB41F8B51}.Release|Mixed Platforms.ActiveCfg = Release|Any CPU
		{4B8F3689-729D-4C1A-B222-617DB41F8B51}.Release|Mixed Platforms.Build.0 = Release|Any CPU
		{4B8F3689-729D-4C1A-B222-617DB41F8B51}.Release|x86.ActiveCfg = Release|x86
		{75AE2AE4-397C-4FF3-AA3C-896C5984A991}.Debug|Any CPU.ActiveCfg = Debug|Any CPU
		{75AE2AE4-397C-4FF3-AA3C-896C5984A991}.Debug|Any CPU.Build.0 = Debug|Any CPU
		{75AE2AE4-397C-4FF3-AA3C-896C5984A991}.Debug|Mixed Platforms.ActiveCfg = Debug|Any CPU
		{75AE2AE4-397C-4FF3-AA3C-896C5984A991}.Debug|Mixed Platforms.Build.0 = Debug|Any CPU
		{75AE2AE4-397C-4FF3-AA3C-896C5984A991}.Debug|x86.ActiveCfg = Debug|x86
		{75AE2AE4-397C-4FF3-AA3C-896C5984A991}.Release|Any CPU.ActiveCfg = Release|Any CPU
		{75AE2AE4-397C-4FF3-AA3C-896C5984A991}.Release|Any CPU.Build.0 = Release|Any CPU
		{75AE2AE4-397C-4FF3-AA3C-896C5984A991}.Release|Mixed Platforms.ActiveCfg = Release|Any CPU
		{75AE2AE4-397C-4FF3-AA3C-896C5984A991}.Release|Mixed Platforms.Build.0 = Release|Any CPU
		{75AE2AE4-397C-4FF3-AA3C-896C5984A991}.Release|x86.ActiveCfg = Release|x86
	EndGlobalSection
	GlobalSection(SolutionProperties) = preSolution
		HideSolutionNode = FALSE
	EndGlobalSection
EndGlobal
