
Microsoft Visual Studio Solution File, Format Version 11.00
# Visual Studio 2010
Project("{FAE04EC0-301F-11D3-BF4B-00C04F79EFBC}") = "NRaasStoryProgressionSkill", "NRaasStoryProgressionSkill.csproj", "{C9CF2C50-0F37-42A6-A320-9A690046DD83}"
EndProject
Global
	GlobalSection(SolutionConfigurationPlatforms) = preSolution
		Debug|Any CPU = Debug|Any CPU
		Release|Any CPU = Release|Any CPU
		Debug|x86 = Debug|x86
		Release|x86 = Release|x86
	EndGlobalSection
	GlobalSection(ProjectConfigurationPlatforms) = postSolution
		{C9CF2C50-0F37-42A6-A320-9A690046DD83}.Debug|Any CPU.ActiveCfg = Debug|Any CPU
		{C9CF2C50-0F37-42A6-A320-9A690046DD83}.Debug|Any CPU.Build.0 = Debug|Any CPU
		{C9CF2C50-0F37-42A6-A320-9A690046DD83}.Debug|x86.ActiveCfg = Debug|x86
		{C9CF2C50-0F37-42A6-A320-9A690046DD83}.Debug|x86.Build.0 = Debug|x86
		{C9CF2C50-0F37-42A6-A320-9A690046DD83}.Release|Any CPU.ActiveCfg = Release|Any CPU
		{C9CF2C50-0F37-42A6-A320-9A690046DD83}.Release|Any CPU.Build.0 = Release|Any CPU
		{C9CF2C50-0F37-42A6-A320-9A690046DD83}.Release|x86.ActiveCfg = Release|x86
		{C9CF2C50-0F37-42A6-A320-9A690046DD83}.Release|x86.Build.0 = Release|x86
	EndGlobalSection
	GlobalSection(MonoDevelopProperties) = preSolution
		StartupItem = NRaasStoryProgressionSkill.csproj
	EndGlobalSection
EndGlobal
