
Microsoft Visual Studio Solution File, Format Version 11.00
# Visual Studio 2010
Project("{FAE04EC0-301F-11D3-BF4B-00C04F79EFBC}") = "NRaasWoohooerEiffelTower", "NRaasWoohooerEiffelTower.csproj", "{974E90C8-935D-43DD-A840-EE036C1C3A80}"
EndProject
Global
	GlobalSection(SolutionConfigurationPlatforms) = preSolution
		Debug|Any CPU = Debug|Any CPU
		Release|Any CPU = Release|Any CPU
		Debug|x86 = Debug|x86
		Release|x86 = Release|x86
	EndGlobalSection
	GlobalSection(ProjectConfigurationPlatforms) = postSolution
		{974E90C8-935D-43DD-A840-EE036C1C3A80}.Debug|Any CPU.ActiveCfg = Debug|Any CPU
		{974E90C8-935D-43DD-A840-EE036C1C3A80}.Debug|Any CPU.Build.0 = Debug|Any CPU
		{974E90C8-935D-43DD-A840-EE036C1C3A80}.Debug|x86.ActiveCfg = Debug|x86
		{974E90C8-935D-43DD-A840-EE036C1C3A80}.Debug|x86.Build.0 = Debug|x86
		{974E90C8-935D-43DD-A840-EE036C1C3A80}.Release|Any CPU.ActiveCfg = Release|Any CPU
		{974E90C8-935D-43DD-A840-EE036C1C3A80}.Release|Any CPU.Build.0 = Release|Any CPU
		{974E90C8-935D-43DD-A840-EE036C1C3A80}.Release|x86.ActiveCfg = Release|x86
		{974E90C8-935D-43DD-A840-EE036C1C3A80}.Release|x86.Build.0 = Release|x86
	EndGlobalSection
	GlobalSection(MonoDevelopProperties) = preSolution
		StartupItem = NRaasWoohooerEiffelTower.csproj
	EndGlobalSection
EndGlobal
