
Microsoft Visual Studio Solution File, Format Version 11.00
# Visual C# Express 2010
Project("{FAE04EC0-301F-11D3-BF4B-00C04F79EFBC}") = "NRaasTraveler", "NRaasTraveler.csproj", "{C4EDB204-9EF0-4BF3-8CC4-6EAA94F04B04}"
EndProject
Global
	GlobalSection(SolutionConfigurationPlatforms) = preSolution
		Debug|Any CPU = Debug|Any CPU
		Release|Any CPU = Release|Any CPU
	EndGlobalSection
	GlobalSection(ProjectConfigurationPlatforms) = postSolution
		{C4EDB204-9EF0-4BF3-8CC4-6EAA94F04B04}.Debug|Any CPU.ActiveCfg = Debug|Any CPU
		{C4EDB204-9EF0-4BF3-8CC4-6EAA94F04B04}.Debug|Any CPU.Build.0 = Debug|Any CPU
		{C4EDB204-9EF0-4BF3-8CC4-6EAA94F04B04}.Release|Any CPU.ActiveCfg = Release|x86
		{C4EDB204-9EF0-4BF3-8CC4-6EAA94F04B04}.Release|Any CPU.Build.0 = Release|x86
	EndGlobalSection
	GlobalSection(SolutionProperties) = preSolution
		HideSolutionNode = FALSE
	EndGlobalSection
EndGlobal
